// !$*UTF8*$!
{
	archiveVersion = 1;
	classes = {
	};
	objectVersion = 50;
	objects = {

/* Begin PBXBuildFile section */
		39138DA4778A75826AAD22ED /* libPods-BlueHiredUITests.a in Frameworks */ = {isa = PBXBuildFile; fileRef = 82479EF595BD37AB322E0AA9 /* libPods-BlueHiredUITests.a */; };
		BE82CAE860C97254269F44AD /* libPods-BlueHired.a in Frameworks */ = {isa = PBXBuildFile; fileRef = DCB5A5321875E124A6C52C8B /* libPods-BlueHired.a */; };
		DC13BB4D213E1C3B00800955 /* LPCityModel.m in Sources */ = {isa = PBXBuildFile; fileRef = DC13BB4C213E1C3B00800955 /* LPCityModel.m */; };
		DC13BB50213E1FD100800955 /* LPCityDataManager.m in Sources */ = {isa = PBXBuildFile; fileRef = DC13BB4F213E1FD100800955 /* LPCityDataManager.m */; };
		DC13BB52213E205A00800955 /* china_cities_v2.db in Resources */ = {isa = PBXBuildFile; fileRef = DC13BB51213E205A00800955 /* china_cities_v2.db */; };
		DC13BB55213E23CF00800955 /* LPSelectCityVC.m in Sources */ = {isa = PBXBuildFile; fileRef = DC13BB54213E23CF00800955 /* LPSelectCityVC.m */; };
		DC13BB5A213E5B6A00800955 /* LPCityCell.m in Sources */ = {isa = PBXBuildFile; fileRef = DC13BB58213E5B6A00800955 /* LPCityCell.m */; };
		DC13BB5B213E5B6A00800955 /* LPCityCell.xib in Resources */ = {isa = PBXBuildFile; fileRef = DC13BB59213E5B6A00800955 /* LPCityCell.xib */; };
		DC13BB5E213EA10200800955 /* LPMechanismlistModel.m in Sources */ = {isa = PBXBuildFile; fileRef = DC13BB5D213EA10200800955 /* LPMechanismlistModel.m */; };
		DC17FE2D213A9A9100635F05 /* LPCommentListModel.m in Sources */ = {isa = PBXBuildFile; fileRef = DC17FE2C213A9A9100635F05 /* LPCommentListModel.m */; };
		DC22957F2140BBE70002A095 /* LPUserMaterialModel.m in Sources */ = {isa = PBXBuildFile; fileRef = DC22957E2140BBE70002A095 /* LPUserMaterialModel.m */; };
		DC229582214106D10002A095 /* LPIsApplyOrIsCollectionModel.m in Sources */ = {isa = PBXBuildFile; fileRef = DC229581214106D10002A095 /* LPIsApplyOrIsCollectionModel.m */; };
		DC290F2F213CC55000EC3FCC /* LPEssayDetailCommentCell.m in Sources */ = {isa = PBXBuildFile; fileRef = DC290F2D213CC55000EC3FCC /* LPEssayDetailCommentCell.m */; };
		DC290F30213CC55000EC3FCC /* LPEssayDetailCommentCell.xib in Resources */ = {isa = PBXBuildFile; fileRef = DC290F2E213CC55000EC3FCC /* LPEssayDetailCommentCell.xib */; };
		DC290F34213CDDEB00EC3FCC /* LPEssayDetailCommentReplyCell.m in Sources */ = {isa = PBXBuildFile; fileRef = DC290F32213CDDEB00EC3FCC /* LPEssayDetailCommentReplyCell.m */; };
		DC290F35213CDDEB00EC3FCC /* LPEssayDetailCommentReplyCell.xib in Resources */ = {isa = PBXBuildFile; fileRef = DC290F33213CDDEB00EC3FCC /* LPEssayDetailCommentReplyCell.xib */; };
		DC290F38213D0AA300EC3FCC /* LPCommentDetailVC.m in Sources */ = {isa = PBXBuildFile; fileRef = DC290F37213D0AA300EC3FCC /* LPCommentDetailVC.m */; };
		DC290F3B213D31D400EC3FCC /* GJAlert2.m in Sources */ = {isa = PBXBuildFile; fileRef = DC290F39213D31D300EC3FCC /* GJAlert2.m */; };
		DC30E18F2138D9CB000C7A91 /* LPScreenAlertView.m in Sources */ = {isa = PBXBuildFile; fileRef = DC30E18E2138D9CB000C7A91 /* LPScreenAlertView.m */; };
		DC30E1922138E622000C7A91 /* LPMainSearchVC.m in Sources */ = {isa = PBXBuildFile; fileRef = DC30E1912138E622000C7A91 /* LPMainSearchVC.m */; };
		DC30E1952138F51B000C7A91 /* LPInformationSearchVC.m in Sources */ = {isa = PBXBuildFile; fileRef = DC30E1942138F51B000C7A91 /* LPInformationSearchVC.m */; };
		DC30E19821391303000C7A91 /* LPMainSearchResultVC.m in Sources */ = {isa = PBXBuildFile; fileRef = DC30E19721391303000C7A91 /* LPMainSearchResultVC.m */; };
		DC30E19B21391DAD000C7A91 /* LPInformationSearchResultVC.m in Sources */ = {isa = PBXBuildFile; fileRef = DC30E19A21391DAD000C7A91 /* LPInformationSearchResultVC.m */; };
		DC30E19E21392E23000C7A91 /* LPWorkDetailVC.m in Sources */ = {isa = PBXBuildFile; fileRef = DC30E19D21392E23000C7A91 /* LPWorkDetailVC.m */; };
		DC30E1A121393255000C7A91 /* LPWorkDetailModel.m in Sources */ = {isa = PBXBuildFile; fileRef = DC30E1A021393255000C7A91 /* LPWorkDetailModel.m */; };
		DC30E1A521393BB0000C7A91 /* LPWorkDetailHeadCell.m in Sources */ = {isa = PBXBuildFile; fileRef = DC30E1A321393BB0000C7A91 /* LPWorkDetailHeadCell.m */; };
		DC30E1A621393BB0000C7A91 /* LPWorkDetailHeadCell.xib in Resources */ = {isa = PBXBuildFile; fileRef = DC30E1A421393BB0000C7A91 /* LPWorkDetailHeadCell.xib */; };
		DC30E1AF21394055000C7A91 /* LPWorkDetailTextCell.m in Sources */ = {isa = PBXBuildFile; fileRef = DC30E1AD21394055000C7A91 /* LPWorkDetailTextCell.m */; };
		DC30E1B021394055000C7A91 /* LPWorkDetailTextCell.xib in Resources */ = {isa = PBXBuildFile; fileRef = DC30E1AE21394055000C7A91 /* LPWorkDetailTextCell.xib */; };
		DC44DB9621351F6D00D00FAC /* NullSafe.m in Sources */ = {isa = PBXBuildFile; fileRef = DC44DB9521351F6D00D00FAC /* NullSafe.m */; };
		DC44DB99213526C600D00FAC /* UIImage+Image.m in Sources */ = {isa = PBXBuildFile; fileRef = DC44DB98213526C600D00FAC /* UIImage+Image.m */; };
		DC44DB9C21352B8000D00FAC /* LPNoDataView.m in Sources */ = {isa = PBXBuildFile; fileRef = DC44DB9B21352B8000D00FAC /* LPNoDataView.m */; };
		DC44DBA021353D5800D00FAC /* LPLabelListModel.m in Sources */ = {isa = PBXBuildFile; fileRef = DC44DB9F21353D5800D00FAC /* LPLabelListModel.m */; };
		DC44DBA321354D6A00D00FAC /* DeviceUtils.m in Sources */ = {isa = PBXBuildFile; fileRef = DC44DBA121354D6A00D00FAC /* DeviceUtils.m */; };
		DC44DBA821354E8500D00FAC /* LPInformationCollectionViewCell.m in Sources */ = {isa = PBXBuildFile; fileRef = DC44DBA621354E8500D00FAC /* LPInformationCollectionViewCell.m */; };
		DC44DBA921354E8500D00FAC /* LPInformationCollectionViewCell.xib in Resources */ = {isa = PBXBuildFile; fileRef = DC44DBA721354E8500D00FAC /* LPInformationCollectionViewCell.xib */; };
		DC49D867213A6BB2009BFCB0 /* LPEssayDetailVC.m in Sources */ = {isa = PBXBuildFile; fileRef = DC49D866213A6BB2009BFCB0 /* LPEssayDetailVC.m */; };
		DC49D86B213A74B3009BFCB0 /* LPEssayDetailHeadCell.m in Sources */ = {isa = PBXBuildFile; fileRef = DC49D869213A74B3009BFCB0 /* LPEssayDetailHeadCell.m */; };
		DC49D86C213A74B3009BFCB0 /* LPEssayDetailHeadCell.xib in Resources */ = {isa = PBXBuildFile; fileRef = DC49D86A213A74B3009BFCB0 /* LPEssayDetailHeadCell.xib */; };
		DC49D86F213A7751009BFCB0 /* LPEssayDetailModel.m in Sources */ = {isa = PBXBuildFile; fileRef = DC49D86E213A7751009BFCB0 /* LPEssayDetailModel.m */; };
		DC5C388021362EB300B3CF6E /* LPEssaylistModel.m in Sources */ = {isa = PBXBuildFile; fileRef = DC5C387F21362EB300B3CF6E /* LPEssaylistModel.m */; };
		DC5C38842136372F00B3CF6E /* LPInformationSingleCell.m in Sources */ = {isa = PBXBuildFile; fileRef = DC5C38822136372F00B3CF6E /* LPInformationSingleCell.m */; };
		DC5C38852136372F00B3CF6E /* LPInformationSingleCell.xib in Resources */ = {isa = PBXBuildFile; fileRef = DC5C38832136372F00B3CF6E /* LPInformationSingleCell.xib */; };
		DC5C3889213640A300B3CF6E /* LPInformationMoreCell.m in Sources */ = {isa = PBXBuildFile; fileRef = DC5C3887213640A300B3CF6E /* LPInformationMoreCell.m */; };
		DC5C388A213640A300B3CF6E /* LPInformationMoreCell.xib in Resources */ = {isa = PBXBuildFile; fileRef = DC5C3888213640A300B3CF6E /* LPInformationMoreCell.xib */; };
		DC5C388E213645E000B3CF6E /* LPInformationMoreImageCollectionViewCell.m in Sources */ = {isa = PBXBuildFile; fileRef = DC5C388C213645E000B3CF6E /* LPInformationMoreImageCollectionViewCell.m */; };
		DC5C388F213645E000B3CF6E /* LPInformationMoreImageCollectionViewCell.xib in Resources */ = {isa = PBXBuildFile; fileRef = DC5C388D213645E000B3CF6E /* LPInformationMoreImageCollectionViewCell.xib */; };
		DC5C38942136682200B3CF6E /* LPCircleCollectionViewCell.m in Sources */ = {isa = PBXBuildFile; fileRef = DC5C38922136682200B3CF6E /* LPCircleCollectionViewCell.m */; };
		DC5C38952136682200B3CF6E /* LPCircleCollectionViewCell.xib in Resources */ = {isa = PBXBuildFile; fileRef = DC5C38932136682200B3CF6E /* LPCircleCollectionViewCell.xib */; };
		DC5C389921366D1A00B3CF6E /* LPMoodTypeModel.m in Sources */ = {isa = PBXBuildFile; fileRef = DC5C389821366D1A00B3CF6E /* LPMoodTypeModel.m */; };
		DC5C389D213682F500B3CF6E /* LPCircleListCell.m in Sources */ = {isa = PBXBuildFile; fileRef = DC5C389B213682F500B3CF6E /* LPCircleListCell.m */; };
		DC5C389E213682F500B3CF6E /* LPCircleListCell.xib in Resources */ = {isa = PBXBuildFile; fileRef = DC5C389C213682F500B3CF6E /* LPCircleListCell.xib */; };
		DC5C38A1213690C000B3CF6E /* LPMoodListModel.m in Sources */ = {isa = PBXBuildFile; fileRef = DC5C38A0213690C000B3CF6E /* LPMoodListModel.m */; };
		DC5C38A421369B9B00B3CF6E /* NSString+String.m in Sources */ = {isa = PBXBuildFile; fileRef = DC5C38A321369B9B00B3CF6E /* NSString+String.m */; };
		DC7383252133E33E0055DC10 /* AppDelegate.m in Sources */ = {isa = PBXBuildFile; fileRef = DC7383242133E33E0055DC10 /* AppDelegate.m */; };
		DC7383282133E33E0055DC10 /* ViewController.m in Sources */ = {isa = PBXBuildFile; fileRef = DC7383272133E33E0055DC10 /* ViewController.m */; };
		DC73832B2133E33E0055DC10 /* Main.storyboard in Resources */ = {isa = PBXBuildFile; fileRef = DC7383292133E33E0055DC10 /* Main.storyboard */; };
		DC73832D2133E3670055DC10 /* Assets.xcassets in Resources */ = {isa = PBXBuildFile; fileRef = DC73832C2133E3670055DC10 /* Assets.xcassets */; };
		DC7383302133E3670055DC10 /* LaunchScreen.storyboard in Resources */ = {isa = PBXBuildFile; fileRef = DC73832E2133E3670055DC10 /* LaunchScreen.storyboard */; };
		DC7383332133E3670055DC10 /* main.m in Sources */ = {isa = PBXBuildFile; fileRef = DC7383322133E3670055DC10 /* main.m */; };
		DC73833D2133E3680055DC10 /* BlueHiredTests.m in Sources */ = {isa = PBXBuildFile; fileRef = DC73833C2133E3680055DC10 /* BlueHiredTests.m */; };
		DC7383482133E3680055DC10 /* BlueHiredUITests.m in Sources */ = {isa = PBXBuildFile; fileRef = DC7383472133E3680055DC10 /* BlueHiredUITests.m */; };
		DC73835A2133EAD30055DC10 /* LPBaseViewController.m in Sources */ = {isa = PBXBuildFile; fileRef = DC7383592133EAD30055DC10 /* LPBaseViewController.m */; };
		DC7383612133EB2A0055DC10 /* LPMainVC.m in Sources */ = {isa = PBXBuildFile; fileRef = DC7383602133EB2A0055DC10 /* LPMainVC.m */; };
		DC73836A2133EC040055DC10 /* LPCircleVC.m in Sources */ = {isa = PBXBuildFile; fileRef = DC7383692133EC040055DC10 /* LPCircleVC.m */; };
		DC73836D2133EC1B0055DC10 /* LPInformationVC.m in Sources */ = {isa = PBXBuildFile; fileRef = DC73836C2133EC1B0055DC10 /* LPInformationVC.m */; };
		DC7383712133EC320055DC10 /* LPMineVC.m in Sources */ = {isa = PBXBuildFile; fileRef = DC7383702133EC320055DC10 /* LPMineVC.m */; };
		DC7383792133EE800055DC10 /* LPTabBarViewController.m in Sources */ = {isa = PBXBuildFile; fileRef = DC7383782133EE800055DC10 /* LPTabBarViewController.m */; };
		DC73837D2133F1110055DC10 /* UIColor+Color.m in Sources */ = {isa = PBXBuildFile; fileRef = DC73837C2133F1110055DC10 /* UIColor+Color.m */; };
		DC73838221341EBD0055DC10 /* LPSearchBar.m in Sources */ = {isa = PBXBuildFile; fileRef = DC73838121341EBD0055DC10 /* LPSearchBar.m */; };
		DC7383872134DC200055DC10 /* LPMineCell.m in Sources */ = {isa = PBXBuildFile; fileRef = DC7383852134DC200055DC10 /* LPMineCell.m */; };
		DC7383882134DC200055DC10 /* LPMineCell.xib in Resources */ = {isa = PBXBuildFile; fileRef = DC7383862134DC200055DC10 /* LPMineCell.xib */; };
		DC7383942134E95E0055DC10 /* NetRequestEnty.m in Sources */ = {isa = PBXBuildFile; fileRef = DC73838A2134E95C0055DC10 /* NetRequestEnty.m */; };
		DC7383952134E95E0055DC10 /* NetInstance.m in Sources */ = {isa = PBXBuildFile; fileRef = DC73838D2134E95D0055DC10 /* NetInstance.m */; };
		DC7383962134E95E0055DC10 /* MoninNet.m in Sources */ = {isa = PBXBuildFile; fileRef = DC73838E2134E95D0055DC10 /* MoninNet.m */; };
		DC7383972134E95E0055DC10 /* NetRequestManager.m in Sources */ = {isa = PBXBuildFile; fileRef = DC7383922134E95E0055DC10 /* NetRequestManager.m */; };
		DC7383982134E95E0055DC10 /* NetApiManager.m in Sources */ = {isa = PBXBuildFile; fileRef = DC7383932134E95E0055DC10 /* NetApiManager.m */; };
		DC73839B2134EAEF0055DC10 /* UIWindow+Window.m in Sources */ = {isa = PBXBuildFile; fileRef = DC73839A2134EAEF0055DC10 /* UIWindow+Window.m */; };
		DC73839F2134EBC10055DC10 /* LPUserDefaults.m in Sources */ = {isa = PBXBuildFile; fileRef = DC73839E2134EBC10055DC10 /* LPUserDefaults.m */; };
		DC7383A22134EF300055DC10 /* UIView+MBProgressHUD.m in Sources */ = {isa = PBXBuildFile; fileRef = DC7383A12134EF300055DC10 /* UIView+MBProgressHUD.m */; };
		DC7383A72134F6580055DC10 /* LPMainCell.m in Sources */ = {isa = PBXBuildFile; fileRef = DC7383A52134F6580055DC10 /* LPMainCell.m */; };
		DC7383A82134F6580055DC10 /* LPMainCell.xib in Resources */ = {isa = PBXBuildFile; fileRef = DC7383A62134F6580055DC10 /* LPMainCell.xib */; };
		DC7383AC2134F7B50055DC10 /* LPWorklistModel.m in Sources */ = {isa = PBXBuildFile; fileRef = DC7383AB2134F7B50055DC10 /* LPWorklistModel.m */; };
		DC7A32CF21379BCA00E09C6C /* LPMineCardCell.m in Sources */ = {isa = PBXBuildFile; fileRef = DC7A32CD21379BCA00E09C6C /* LPMineCardCell.m */; };
		DC7A32D021379BCA00E09C6C /* LPMineCardCell.xib in Resources */ = {isa = PBXBuildFile; fileRef = DC7A32CE21379BCA00E09C6C /* LPMineCardCell.xib */; };
		DC7A32D52137C2EC00E09C6C /* LPLoginVC.m in Sources */ = {isa = PBXBuildFile; fileRef = DC7A32D42137C2EC00E09C6C /* LPLoginVC.m */; };
		DC7A32D82137D7E200E09C6C /* LPRegisteredVC.m in Sources */ = {isa = PBXBuildFile; fileRef = DC7A32D72137D7E200E09C6C /* LPRegisteredVC.m */; };
		DC7A32DB2137DADD00E09C6C /* UIViewController+BackItem.m in Sources */ = {isa = PBXBuildFile; fileRef = DC7A32D92137DADC00E09C6C /* UIViewController+BackItem.m */; };
		DC7A32DE2137E61100E09C6C /* LPForgetPassWordVC.m in Sources */ = {isa = PBXBuildFile; fileRef = DC7A32DD2137E61100E09C6C /* LPForgetPassWordVC.m */; };
		DC7A32E12137E99300E09C6C /* LoginUtils.m in Sources */ = {isa = PBXBuildFile; fileRef = DC7A32E02137E99300E09C6C /* LoginUtils.m */; };
		DC7A32E42138074900E09C6C /* LPSetVC.m in Sources */ = {isa = PBXBuildFile; fileRef = DC7A32E32138074900E09C6C /* LPSetVC.m */; };
		DC7A32E7213812E200E09C6C /* LPSortAlertView.m in Sources */ = {isa = PBXBuildFile; fileRef = DC7A32E6213812E200E09C6C /* LPSortAlertView.m */; };
		DCF5D9BC213F892D009F5DCE /* LPBusinessReviewVC.m in Sources */ = {isa = PBXBuildFile; fileRef = DCF5D9BB213F892D009F5DCE /* LPBusinessReviewVC.m */; };
		DCF5D9C0213FA395009F5DCE /* LPMechanismcommentMechanismlistModel.m in Sources */ = {isa = PBXBuildFile; fileRef = DCF5D9BF213FA395009F5DCE /* LPMechanismcommentMechanismlistModel.m */; };
		DCF5D9C5213FA5BD009F5DCE /* LPBusinessReviewCell.m in Sources */ = {isa = PBXBuildFile; fileRef = DCF5D9C3213FA5BD009F5DCE /* LPBusinessReviewCell.m */; };
		DCF5D9C6213FA5BD009F5DCE /* LPBusinessReviewCell.xib in Resources */ = {isa = PBXBuildFile; fileRef = DCF5D9C4213FA5BD009F5DCE /* LPBusinessReviewCell.xib */; };
		DCF5D9C9213FB4D1009F5DCE /* LPBusinessReviewSearchVC.m in Sources */ = {isa = PBXBuildFile; fileRef = DCF5D9C8213FB4D1009F5DCE /* LPBusinessReviewSearchVC.m */; };
		DCF5D9CC213FB5CF009F5DCE /* LPBusinessReviewSearchResultVC.m in Sources */ = {isa = PBXBuildFile; fileRef = DCF5D9CB213FB5CF009F5DCE /* LPBusinessReviewSearchResultVC.m */; };
		DCF5D9CF213FB7D9009F5DCE /* LPBusinessReviewDetailVC.m in Sources */ = {isa = PBXBuildFile; fileRef = DCF5D9CE213FB7D9009F5DCE /* LPBusinessReviewDetailVC.m */; };
		DCF5D9D2213FC1CE009F5DCE /* LPMechanismcommentDetailModel.m in Sources */ = {isa = PBXBuildFile; fileRef = DCF5D9D1213FC1CE009F5DCE /* LPMechanismcommentDetailModel.m */; };
		DD9C491243746BE284EDF63A /* libPods-BlueHiredTests.a in Frameworks */ = {isa = PBXBuildFile; fileRef = F2990BA484C987BEAA6D77E9 /* libPods-BlueHiredTests.a */; };
/* End PBXBuildFile section */

/* Begin PBXContainerItemProxy section */
		DC7383392133E3680055DC10 /* PBXContainerItemProxy */ = {
			isa = PBXContainerItemProxy;
			containerPortal = DC7383182133E33E0055DC10 /* Project object */;
			proxyType = 1;
			remoteGlobalIDString = DC73831F2133E33E0055DC10;
			remoteInfo = BlueHired;
		};
		DC7383442133E3680055DC10 /* PBXContainerItemProxy */ = {
			isa = PBXContainerItemProxy;
			containerPortal = DC7383182133E33E0055DC10 /* Project object */;
			proxyType = 1;
			remoteGlobalIDString = DC73831F2133E33E0055DC10;
			remoteInfo = BlueHired;
		};
/* End PBXContainerItemProxy section */

/* Begin PBXFileReference section */
		0B5AEFAB0E6764927C17DDE2 /* Pods-BlueHiredUITests.debug.xcconfig */ = {isa = PBXFileReference; includeInIndex = 1; lastKnownFileType = text.xcconfig; name = "Pods-BlueHiredUITests.debug.xcconfig"; path = "Pods/Target Support Files/Pods-BlueHiredUITests/Pods-BlueHiredUITests.debug.xcconfig"; sourceTree = "<group>"; };
		4FD02EE4915B3B8981F023F1 /* Pods-BlueHired.debug.xcconfig */ = {isa = PBXFileReference; includeInIndex = 1; lastKnownFileType = text.xcconfig; name = "Pods-BlueHired.debug.xcconfig"; path = "Pods/Target Support Files/Pods-BlueHired/Pods-BlueHired.debug.xcconfig"; sourceTree = "<group>"; };
		82479EF595BD37AB322E0AA9 /* libPods-BlueHiredUITests.a */ = {isa = PBXFileReference; explicitFileType = archive.ar; includeInIndex = 0; path = "libPods-BlueHiredUITests.a"; sourceTree = BUILT_PRODUCTS_DIR; };
		92E3EB858257F39A6762B321 /* Pods-BlueHiredTests.debug.xcconfig */ = {isa = PBXFileReference; includeInIndex = 1; lastKnownFileType = text.xcconfig; name = "Pods-BlueHiredTests.debug.xcconfig"; path = "Pods/Target Support Files/Pods-BlueHiredTests/Pods-BlueHiredTests.debug.xcconfig"; sourceTree = "<group>"; };
		992D1B12C5F757999ACD5D40 /* Pods-BlueHired.release.xcconfig */ = {isa = PBXFileReference; includeInIndex = 1; lastKnownFileType = text.xcconfig; name = "Pods-BlueHired.release.xcconfig"; path = "Pods/Target Support Files/Pods-BlueHired/Pods-BlueHired.release.xcconfig"; sourceTree = "<group>"; };
		BBC93F1DC28C278E85E3A307 /* Pods-BlueHiredUITests.release.xcconfig */ = {isa = PBXFileReference; includeInIndex = 1; lastKnownFileType = text.xcconfig; name = "Pods-BlueHiredUITests.release.xcconfig"; path = "Pods/Target Support Files/Pods-BlueHiredUITests/Pods-BlueHiredUITests.release.xcconfig"; sourceTree = "<group>"; };
		DC13BB4B213E1C3B00800955 /* LPCityModel.h */ = {isa = PBXFileReference; lastKnownFileType = sourcecode.c.h; path = LPCityModel.h; sourceTree = "<group>"; };
		DC13BB4C213E1C3B00800955 /* LPCityModel.m */ = {isa = PBXFileReference; lastKnownFileType = sourcecode.c.objc; path = LPCityModel.m; sourceTree = "<group>"; };
		DC13BB4E213E1FD100800955 /* LPCityDataManager.h */ = {isa = PBXFileReference; lastKnownFileType = sourcecode.c.h; path = LPCityDataManager.h; sourceTree = "<group>"; };
		DC13BB4F213E1FD100800955 /* LPCityDataManager.m */ = {isa = PBXFileReference; lastKnownFileType = sourcecode.c.objc; path = LPCityDataManager.m; sourceTree = "<group>"; };
		DC13BB51213E205A00800955 /* china_cities_v2.db */ = {isa = PBXFileReference; lastKnownFileType = file; path = china_cities_v2.db; sourceTree = "<group>"; };
		DC13BB53213E23CF00800955 /* LPSelectCityVC.h */ = {isa = PBXFileReference; lastKnownFileType = sourcecode.c.h; path = LPSelectCityVC.h; sourceTree = "<group>"; };
		DC13BB54213E23CF00800955 /* LPSelectCityVC.m */ = {isa = PBXFileReference; lastKnownFileType = sourcecode.c.objc; path = LPSelectCityVC.m; sourceTree = "<group>"; };
		DC13BB57213E5B6A00800955 /* LPCityCell.h */ = {isa = PBXFileReference; lastKnownFileType = sourcecode.c.h; path = LPCityCell.h; sourceTree = "<group>"; };
		DC13BB58213E5B6A00800955 /* LPCityCell.m */ = {isa = PBXFileReference; lastKnownFileType = sourcecode.c.objc; path = LPCityCell.m; sourceTree = "<group>"; };
		DC13BB59213E5B6A00800955 /* LPCityCell.xib */ = {isa = PBXFileReference; lastKnownFileType = file.xib; path = LPCityCell.xib; sourceTree = "<group>"; };
		DC13BB5C213EA10200800955 /* LPMechanismlistModel.h */ = {isa = PBXFileReference; lastKnownFileType = sourcecode.c.h; path = LPMechanismlistModel.h; sourceTree = "<group>"; };
		DC13BB5D213EA10200800955 /* LPMechanismlistModel.m */ = {isa = PBXFileReference; lastKnownFileType = sourcecode.c.objc; path = LPMechanismlistModel.m; sourceTree = "<group>"; };
		DC17FE2B213A9A9100635F05 /* LPCommentListModel.h */ = {isa = PBXFileReference; lastKnownFileType = sourcecode.c.h; path = LPCommentListModel.h; sourceTree = "<group>"; };
		DC17FE2C213A9A9100635F05 /* LPCommentListModel.m */ = {isa = PBXFileReference; lastKnownFileType = sourcecode.c.objc; path = LPCommentListModel.m; sourceTree = "<group>"; };
		DC22957D2140BBE70002A095 /* LPUserMaterialModel.h */ = {isa = PBXFileReference; lastKnownFileType = sourcecode.c.h; path = LPUserMaterialModel.h; sourceTree = "<group>"; };
		DC22957E2140BBE70002A095 /* LPUserMaterialModel.m */ = {isa = PBXFileReference; lastKnownFileType = sourcecode.c.objc; path = LPUserMaterialModel.m; sourceTree = "<group>"; };
		DC229580214106D10002A095 /* LPIsApplyOrIsCollectionModel.h */ = {isa = PBXFileReference; lastKnownFileType = sourcecode.c.h; path = LPIsApplyOrIsCollectionModel.h; sourceTree = "<group>"; };
		DC229581214106D10002A095 /* LPIsApplyOrIsCollectionModel.m */ = {isa = PBXFileReference; lastKnownFileType = sourcecode.c.objc; path = LPIsApplyOrIsCollectionModel.m; sourceTree = "<group>"; };
		DC290F2C213CC55000EC3FCC /* LPEssayDetailCommentCell.h */ = {isa = PBXFileReference; lastKnownFileType = sourcecode.c.h; path = LPEssayDetailCommentCell.h; sourceTree = "<group>"; };
		DC290F2D213CC55000EC3FCC /* LPEssayDetailCommentCell.m */ = {isa = PBXFileReference; lastKnownFileType = sourcecode.c.objc; path = LPEssayDetailCommentCell.m; sourceTree = "<group>"; };
		DC290F2E213CC55000EC3FCC /* LPEssayDetailCommentCell.xib */ = {isa = PBXFileReference; lastKnownFileType = file.xib; path = LPEssayDetailCommentCell.xib; sourceTree = "<group>"; };
		DC290F31213CDDEB00EC3FCC /* LPEssayDetailCommentReplyCell.h */ = {isa = PBXFileReference; lastKnownFileType = sourcecode.c.h; path = LPEssayDetailCommentReplyCell.h; sourceTree = "<group>"; };
		DC290F32213CDDEB00EC3FCC /* LPEssayDetailCommentReplyCell.m */ = {isa = PBXFileReference; lastKnownFileType = sourcecode.c.objc; path = LPEssayDetailCommentReplyCell.m; sourceTree = "<group>"; };
		DC290F33213CDDEB00EC3FCC /* LPEssayDetailCommentReplyCell.xib */ = {isa = PBXFileReference; lastKnownFileType = file.xib; path = LPEssayDetailCommentReplyCell.xib; sourceTree = "<group>"; };
		DC290F36213D0AA300EC3FCC /* LPCommentDetailVC.h */ = {isa = PBXFileReference; lastKnownFileType = sourcecode.c.h; path = LPCommentDetailVC.h; sourceTree = "<group>"; };
		DC290F37213D0AA300EC3FCC /* LPCommentDetailVC.m */ = {isa = PBXFileReference; lastKnownFileType = sourcecode.c.objc; path = LPCommentDetailVC.m; sourceTree = "<group>"; };
		DC290F39213D31D300EC3FCC /* GJAlert2.m */ = {isa = PBXFileReference; fileEncoding = 4; lastKnownFileType = sourcecode.c.objc; path = GJAlert2.m; sourceTree = "<group>"; };
		DC290F3A213D31D400EC3FCC /* GJAlert2.h */ = {isa = PBXFileReference; fileEncoding = 4; lastKnownFileType = sourcecode.c.h; path = GJAlert2.h; sourceTree = "<group>"; };
		DC30E18D2138D9CB000C7A91 /* LPScreenAlertView.h */ = {isa = PBXFileReference; lastKnownFileType = sourcecode.c.h; path = LPScreenAlertView.h; sourceTree = "<group>"; };
		DC30E18E2138D9CB000C7A91 /* LPScreenAlertView.m */ = {isa = PBXFileReference; lastKnownFileType = sourcecode.c.objc; path = LPScreenAlertView.m; sourceTree = "<group>"; };
		DC30E1902138E622000C7A91 /* LPMainSearchVC.h */ = {isa = PBXFileReference; lastKnownFileType = sourcecode.c.h; path = LPMainSearchVC.h; sourceTree = "<group>"; };
		DC30E1912138E622000C7A91 /* LPMainSearchVC.m */ = {isa = PBXFileReference; lastKnownFileType = sourcecode.c.objc; path = LPMainSearchVC.m; sourceTree = "<group>"; };
		DC30E1932138F51B000C7A91 /* LPInformationSearchVC.h */ = {isa = PBXFileReference; lastKnownFileType = sourcecode.c.h; path = LPInformationSearchVC.h; sourceTree = "<group>"; };
		DC30E1942138F51B000C7A91 /* LPInformationSearchVC.m */ = {isa = PBXFileReference; lastKnownFileType = sourcecode.c.objc; path = LPInformationSearchVC.m; sourceTree = "<group>"; };
		DC30E19621391303000C7A91 /* LPMainSearchResultVC.h */ = {isa = PBXFileReference; lastKnownFileType = sourcecode.c.h; path = LPMainSearchResultVC.h; sourceTree = "<group>"; };
		DC30E19721391303000C7A91 /* LPMainSearchResultVC.m */ = {isa = PBXFileReference; lastKnownFileType = sourcecode.c.objc; path = LPMainSearchResultVC.m; sourceTree = "<group>"; };
		DC30E19921391DAD000C7A91 /* LPInformationSearchResultVC.h */ = {isa = PBXFileReference; lastKnownFileType = sourcecode.c.h; path = LPInformationSearchResultVC.h; sourceTree = "<group>"; };
		DC30E19A21391DAD000C7A91 /* LPInformationSearchResultVC.m */ = {isa = PBXFileReference; lastKnownFileType = sourcecode.c.objc; path = LPInformationSearchResultVC.m; sourceTree = "<group>"; };
		DC30E19C21392E23000C7A91 /* LPWorkDetailVC.h */ = {isa = PBXFileReference; lastKnownFileType = sourcecode.c.h; path = LPWorkDetailVC.h; sourceTree = "<group>"; };
		DC30E19D21392E23000C7A91 /* LPWorkDetailVC.m */ = {isa = PBXFileReference; lastKnownFileType = sourcecode.c.objc; path = LPWorkDetailVC.m; sourceTree = "<group>"; };
		DC30E19F21393255000C7A91 /* LPWorkDetailModel.h */ = {isa = PBXFileReference; lastKnownFileType = sourcecode.c.h; path = LPWorkDetailModel.h; sourceTree = "<group>"; };
		DC30E1A021393255000C7A91 /* LPWorkDetailModel.m */ = {isa = PBXFileReference; lastKnownFileType = sourcecode.c.objc; path = LPWorkDetailModel.m; sourceTree = "<group>"; };
		DC30E1A221393BB0000C7A91 /* LPWorkDetailHeadCell.h */ = {isa = PBXFileReference; lastKnownFileType = sourcecode.c.h; path = LPWorkDetailHeadCell.h; sourceTree = "<group>"; };
		DC30E1A321393BB0000C7A91 /* LPWorkDetailHeadCell.m */ = {isa = PBXFileReference; lastKnownFileType = sourcecode.c.objc; path = LPWorkDetailHeadCell.m; sourceTree = "<group>"; };
		DC30E1A421393BB0000C7A91 /* LPWorkDetailHeadCell.xib */ = {isa = PBXFileReference; lastKnownFileType = file.xib; path = LPWorkDetailHeadCell.xib; sourceTree = "<group>"; };
		DC30E1AC21394055000C7A91 /* LPWorkDetailTextCell.h */ = {isa = PBXFileReference; lastKnownFileType = sourcecode.c.h; path = LPWorkDetailTextCell.h; sourceTree = "<group>"; };
		DC30E1AD21394055000C7A91 /* LPWorkDetailTextCell.m */ = {isa = PBXFileReference; lastKnownFileType = sourcecode.c.objc; path = LPWorkDetailTextCell.m; sourceTree = "<group>"; };
		DC30E1AE21394055000C7A91 /* LPWorkDetailTextCell.xib */ = {isa = PBXFileReference; lastKnownFileType = file.xib; path = LPWorkDetailTextCell.xib; sourceTree = "<group>"; };
		DC44DB9521351F6D00D00FAC /* NullSafe.m */ = {isa = PBXFileReference; fileEncoding = 4; lastKnownFileType = sourcecode.c.objc; path = NullSafe.m; sourceTree = "<group>"; };
		DC44DB97213526C600D00FAC /* UIImage+Image.h */ = {isa = PBXFileReference; fileEncoding = 4; lastKnownFileType = sourcecode.c.h; path = "UIImage+Image.h"; sourceTree = "<group>"; };
		DC44DB98213526C600D00FAC /* UIImage+Image.m */ = {isa = PBXFileReference; fileEncoding = 4; lastKnownFileType = sourcecode.c.objc; path = "UIImage+Image.m"; sourceTree = "<group>"; };
		DC44DB9A21352B8000D00FAC /* LPNoDataView.h */ = {isa = PBXFileReference; lastKnownFileType = sourcecode.c.h; path = LPNoDataView.h; sourceTree = "<group>"; };
		DC44DB9B21352B8000D00FAC /* LPNoDataView.m */ = {isa = PBXFileReference; lastKnownFileType = sourcecode.c.objc; path = LPNoDataView.m; sourceTree = "<group>"; };
		DC44DB9E21353D5800D00FAC /* LPLabelListModel.h */ = {isa = PBXFileReference; lastKnownFileType = sourcecode.c.h; path = LPLabelListModel.h; sourceTree = "<group>"; };
		DC44DB9F21353D5800D00FAC /* LPLabelListModel.m */ = {isa = PBXFileReference; lastKnownFileType = sourcecode.c.objc; path = LPLabelListModel.m; sourceTree = "<group>"; };
		DC44DBA121354D6A00D00FAC /* DeviceUtils.m */ = {isa = PBXFileReference; fileEncoding = 4; lastKnownFileType = sourcecode.c.objc; path = DeviceUtils.m; sourceTree = "<group>"; };
		DC44DBA221354D6A00D00FAC /* DeviceUtils.h */ = {isa = PBXFileReference; fileEncoding = 4; lastKnownFileType = sourcecode.c.h; path = DeviceUtils.h; sourceTree = "<group>"; };
		DC44DBA521354E8500D00FAC /* LPInformationCollectionViewCell.h */ = {isa = PBXFileReference; lastKnownFileType = sourcecode.c.h; path = LPInformationCollectionViewCell.h; sourceTree = "<group>"; };
		DC44DBA621354E8500D00FAC /* LPInformationCollectionViewCell.m */ = {isa = PBXFileReference; lastKnownFileType = sourcecode.c.objc; path = LPInformationCollectionViewCell.m; sourceTree = "<group>"; };
		DC44DBA721354E8500D00FAC /* LPInformationCollectionViewCell.xib */ = {isa = PBXFileReference; lastKnownFileType = file.xib; path = LPInformationCollectionViewCell.xib; sourceTree = "<group>"; };
		DC49D865213A6BB2009BFCB0 /* LPEssayDetailVC.h */ = {isa = PBXFileReference; lastKnownFileType = sourcecode.c.h; path = LPEssayDetailVC.h; sourceTree = "<group>"; };
		DC49D866213A6BB2009BFCB0 /* LPEssayDetailVC.m */ = {isa = PBXFileReference; lastKnownFileType = sourcecode.c.objc; path = LPEssayDetailVC.m; sourceTree = "<group>"; };
		DC49D868213A74B3009BFCB0 /* LPEssayDetailHeadCell.h */ = {isa = PBXFileReference; lastKnownFileType = sourcecode.c.h; path = LPEssayDetailHeadCell.h; sourceTree = "<group>"; };
		DC49D869213A74B3009BFCB0 /* LPEssayDetailHeadCell.m */ = {isa = PBXFileReference; lastKnownFileType = sourcecode.c.objc; path = LPEssayDetailHeadCell.m; sourceTree = "<group>"; };
		DC49D86A213A74B3009BFCB0 /* LPEssayDetailHeadCell.xib */ = {isa = PBXFileReference; lastKnownFileType = file.xib; path = LPEssayDetailHeadCell.xib; sourceTree = "<group>"; };
		DC49D86D213A7751009BFCB0 /* LPEssayDetailModel.h */ = {isa = PBXFileReference; lastKnownFileType = sourcecode.c.h; path = LPEssayDetailModel.h; sourceTree = "<group>"; };
		DC49D86E213A7751009BFCB0 /* LPEssayDetailModel.m */ = {isa = PBXFileReference; lastKnownFileType = sourcecode.c.objc; path = LPEssayDetailModel.m; sourceTree = "<group>"; };
		DC5C387E21362EB300B3CF6E /* LPEssaylistModel.h */ = {isa = PBXFileReference; lastKnownFileType = sourcecode.c.h; path = LPEssaylistModel.h; sourceTree = "<group>"; };
		DC5C387F21362EB300B3CF6E /* LPEssaylistModel.m */ = {isa = PBXFileReference; lastKnownFileType = sourcecode.c.objc; path = LPEssaylistModel.m; sourceTree = "<group>"; };
		DC5C38812136372F00B3CF6E /* LPInformationSingleCell.h */ = {isa = PBXFileReference; lastKnownFileType = sourcecode.c.h; path = LPInformationSingleCell.h; sourceTree = "<group>"; };
		DC5C38822136372F00B3CF6E /* LPInformationSingleCell.m */ = {isa = PBXFileReference; lastKnownFileType = sourcecode.c.objc; path = LPInformationSingleCell.m; sourceTree = "<group>"; };
		DC5C38832136372F00B3CF6E /* LPInformationSingleCell.xib */ = {isa = PBXFileReference; lastKnownFileType = file.xib; path = LPInformationSingleCell.xib; sourceTree = "<group>"; };
		DC5C3886213640A300B3CF6E /* LPInformationMoreCell.h */ = {isa = PBXFileReference; lastKnownFileType = sourcecode.c.h; path = LPInformationMoreCell.h; sourceTree = "<group>"; };
		DC5C3887213640A300B3CF6E /* LPInformationMoreCell.m */ = {isa = PBXFileReference; lastKnownFileType = sourcecode.c.objc; path = LPInformationMoreCell.m; sourceTree = "<group>"; };
		DC5C3888213640A300B3CF6E /* LPInformationMoreCell.xib */ = {isa = PBXFileReference; lastKnownFileType = file.xib; path = LPInformationMoreCell.xib; sourceTree = "<group>"; };
		DC5C388B213645E000B3CF6E /* LPInformationMoreImageCollectionViewCell.h */ = {isa = PBXFileReference; lastKnownFileType = sourcecode.c.h; path = LPInformationMoreImageCollectionViewCell.h; sourceTree = "<group>"; };
		DC5C388C213645E000B3CF6E /* LPInformationMoreImageCollectionViewCell.m */ = {isa = PBXFileReference; lastKnownFileType = sourcecode.c.objc; path = LPInformationMoreImageCollectionViewCell.m; sourceTree = "<group>"; };
		DC5C388D213645E000B3CF6E /* LPInformationMoreImageCollectionViewCell.xib */ = {isa = PBXFileReference; lastKnownFileType = file.xib; path = LPInformationMoreImageCollectionViewCell.xib; sourceTree = "<group>"; };
		DC5C38912136682200B3CF6E /* LPCircleCollectionViewCell.h */ = {isa = PBXFileReference; lastKnownFileType = sourcecode.c.h; path = LPCircleCollectionViewCell.h; sourceTree = "<group>"; };
		DC5C38922136682200B3CF6E /* LPCircleCollectionViewCell.m */ = {isa = PBXFileReference; lastKnownFileType = sourcecode.c.objc; path = LPCircleCollectionViewCell.m; sourceTree = "<group>"; };
		DC5C38932136682200B3CF6E /* LPCircleCollectionViewCell.xib */ = {isa = PBXFileReference; lastKnownFileType = file.xib; path = LPCircleCollectionViewCell.xib; sourceTree = "<group>"; };
		DC5C389721366D1A00B3CF6E /* LPMoodTypeModel.h */ = {isa = PBXFileReference; lastKnownFileType = sourcecode.c.h; path = LPMoodTypeModel.h; sourceTree = "<group>"; };
		DC5C389821366D1A00B3CF6E /* LPMoodTypeModel.m */ = {isa = PBXFileReference; lastKnownFileType = sourcecode.c.objc; path = LPMoodTypeModel.m; sourceTree = "<group>"; };
		DC5C389A213682F500B3CF6E /* LPCircleListCell.h */ = {isa = PBXFileReference; lastKnownFileType = sourcecode.c.h; path = LPCircleListCell.h; sourceTree = "<group>"; };
		DC5C389B213682F500B3CF6E /* LPCircleListCell.m */ = {isa = PBXFileReference; lastKnownFileType = sourcecode.c.objc; path = LPCircleListCell.m; sourceTree = "<group>"; };
		DC5C389C213682F500B3CF6E /* LPCircleListCell.xib */ = {isa = PBXFileReference; lastKnownFileType = file.xib; path = LPCircleListCell.xib; sourceTree = "<group>"; };
		DC5C389F213690C000B3CF6E /* LPMoodListModel.h */ = {isa = PBXFileReference; lastKnownFileType = sourcecode.c.h; path = LPMoodListModel.h; sourceTree = "<group>"; };
		DC5C38A0213690C000B3CF6E /* LPMoodListModel.m */ = {isa = PBXFileReference; lastKnownFileType = sourcecode.c.objc; path = LPMoodListModel.m; sourceTree = "<group>"; };
		DC5C38A221369B9B00B3CF6E /* NSString+String.h */ = {isa = PBXFileReference; lastKnownFileType = sourcecode.c.h; path = "NSString+String.h"; sourceTree = "<group>"; };
		DC5C38A321369B9B00B3CF6E /* NSString+String.m */ = {isa = PBXFileReference; lastKnownFileType = sourcecode.c.objc; path = "NSString+String.m"; sourceTree = "<group>"; };
		DC7383202133E33E0055DC10 /* BlueHired.app */ = {isa = PBXFileReference; explicitFileType = wrapper.application; includeInIndex = 0; path = BlueHired.app; sourceTree = BUILT_PRODUCTS_DIR; };
		DC7383232133E33E0055DC10 /* AppDelegate.h */ = {isa = PBXFileReference; lastKnownFileType = sourcecode.c.h; path = AppDelegate.h; sourceTree = "<group>"; };
		DC7383242133E33E0055DC10 /* AppDelegate.m */ = {isa = PBXFileReference; lastKnownFileType = sourcecode.c.objc; path = AppDelegate.m; sourceTree = "<group>"; };
		DC7383262133E33E0055DC10 /* ViewController.h */ = {isa = PBXFileReference; lastKnownFileType = sourcecode.c.h; path = ViewController.h; sourceTree = "<group>"; };
		DC7383272133E33E0055DC10 /* ViewController.m */ = {isa = PBXFileReference; lastKnownFileType = sourcecode.c.objc; path = ViewController.m; sourceTree = "<group>"; };
		DC73832A2133E33E0055DC10 /* Base */ = {isa = PBXFileReference; lastKnownFileType = file.storyboard; name = Base; path = Base.lproj/Main.storyboard; sourceTree = "<group>"; };
		DC73832C2133E3670055DC10 /* Assets.xcassets */ = {isa = PBXFileReference; lastKnownFileType = folder.assetcatalog; path = Assets.xcassets; sourceTree = "<group>"; };
		DC73832F2133E3670055DC10 /* Base */ = {isa = PBXFileReference; lastKnownFileType = file.storyboard; name = Base; path = Base.lproj/LaunchScreen.storyboard; sourceTree = "<group>"; };
		DC7383312133E3670055DC10 /* Info.plist */ = {isa = PBXFileReference; lastKnownFileType = text.plist.xml; path = Info.plist; sourceTree = "<group>"; };
		DC7383322133E3670055DC10 /* main.m */ = {isa = PBXFileReference; lastKnownFileType = sourcecode.c.objc; path = main.m; sourceTree = "<group>"; };
		DC7383382133E3680055DC10 /* BlueHiredTests.xctest */ = {isa = PBXFileReference; explicitFileType = wrapper.cfbundle; includeInIndex = 0; path = BlueHiredTests.xctest; sourceTree = BUILT_PRODUCTS_DIR; };
		DC73833C2133E3680055DC10 /* BlueHiredTests.m */ = {isa = PBXFileReference; lastKnownFileType = sourcecode.c.objc; path = BlueHiredTests.m; sourceTree = "<group>"; };
		DC73833E2133E3680055DC10 /* Info.plist */ = {isa = PBXFileReference; lastKnownFileType = text.plist.xml; path = Info.plist; sourceTree = "<group>"; };
		DC7383432133E3680055DC10 /* BlueHiredUITests.xctest */ = {isa = PBXFileReference; explicitFileType = wrapper.cfbundle; includeInIndex = 0; path = BlueHiredUITests.xctest; sourceTree = BUILT_PRODUCTS_DIR; };
		DC7383472133E3680055DC10 /* BlueHiredUITests.m */ = {isa = PBXFileReference; lastKnownFileType = sourcecode.c.objc; path = BlueHiredUITests.m; sourceTree = "<group>"; };
		DC7383492133E3680055DC10 /* Info.plist */ = {isa = PBXFileReference; lastKnownFileType = text.plist.xml; path = Info.plist; sourceTree = "<group>"; };
		DC7383582133EAD30055DC10 /* LPBaseViewController.h */ = {isa = PBXFileReference; lastKnownFileType = sourcecode.c.h; path = LPBaseViewController.h; sourceTree = "<group>"; };
		DC7383592133EAD30055DC10 /* LPBaseViewController.m */ = {isa = PBXFileReference; lastKnownFileType = sourcecode.c.objc; path = LPBaseViewController.m; sourceTree = "<group>"; };
		DC73835F2133EB2A0055DC10 /* LPMainVC.h */ = {isa = PBXFileReference; fileEncoding = 4; lastKnownFileType = sourcecode.c.h; path = LPMainVC.h; sourceTree = "<group>"; };
		DC7383602133EB2A0055DC10 /* LPMainVC.m */ = {isa = PBXFileReference; fileEncoding = 4; lastKnownFileType = sourcecode.c.objc; path = LPMainVC.m; sourceTree = "<group>"; };
		DC7383682133EC040055DC10 /* LPCircleVC.h */ = {isa = PBXFileReference; lastKnownFileType = sourcecode.c.h; path = LPCircleVC.h; sourceTree = "<group>"; };
		DC7383692133EC040055DC10 /* LPCircleVC.m */ = {isa = PBXFileReference; lastKnownFileType = sourcecode.c.objc; path = LPCircleVC.m; sourceTree = "<group>"; };
		DC73836B2133EC1B0055DC10 /* LPInformationVC.h */ = {isa = PBXFileReference; lastKnownFileType = sourcecode.c.h; path = LPInformationVC.h; sourceTree = "<group>"; };
		DC73836C2133EC1B0055DC10 /* LPInformationVC.m */ = {isa = PBXFileReference; lastKnownFileType = sourcecode.c.objc; path = LPInformationVC.m; sourceTree = "<group>"; };
		DC73836F2133EC320055DC10 /* LPMineVC.h */ = {isa = PBXFileReference; lastKnownFileType = sourcecode.c.h; path = LPMineVC.h; sourceTree = "<group>"; };
		DC7383702133EC320055DC10 /* LPMineVC.m */ = {isa = PBXFileReference; lastKnownFileType = sourcecode.c.objc; path = LPMineVC.m; sourceTree = "<group>"; };
		DC7383732133EC8B0055DC10 /* LPPrefixHeader.pch */ = {isa = PBXFileReference; lastKnownFileType = sourcecode.c.h; path = LPPrefixHeader.pch; sourceTree = "<group>"; };
		DC7383742133EDEE0055DC10 /* MacroDefine.h */ = {isa = PBXFileReference; lastKnownFileType = sourcecode.c.h; path = MacroDefine.h; sourceTree = "<group>"; };
		DC7383752133EE0D0055DC10 /* ApiKeys.h */ = {isa = PBXFileReference; lastKnownFileType = sourcecode.c.h; path = ApiKeys.h; sourceTree = "<group>"; };
		DC7383762133EE190055DC10 /* Heads.h */ = {isa = PBXFileReference; lastKnownFileType = sourcecode.c.h; path = Heads.h; sourceTree = "<group>"; };
		DC7383772133EE800055DC10 /* LPTabBarViewController.h */ = {isa = PBXFileReference; lastKnownFileType = sourcecode.c.h; path = LPTabBarViewController.h; sourceTree = "<group>"; };
		DC7383782133EE800055DC10 /* LPTabBarViewController.m */ = {isa = PBXFileReference; lastKnownFileType = sourcecode.c.objc; path = LPTabBarViewController.m; sourceTree = "<group>"; };
		DC73837B2133F1110055DC10 /* UIColor+Color.h */ = {isa = PBXFileReference; lastKnownFileType = sourcecode.c.h; path = "UIColor+Color.h"; sourceTree = "<group>"; };
		DC73837C2133F1110055DC10 /* UIColor+Color.m */ = {isa = PBXFileReference; lastKnownFileType = sourcecode.c.objc; path = "UIColor+Color.m"; sourceTree = "<group>"; };
		DC73838021341EBD0055DC10 /* LPSearchBar.h */ = {isa = PBXFileReference; lastKnownFileType = sourcecode.c.h; path = LPSearchBar.h; sourceTree = "<group>"; };
		DC73838121341EBD0055DC10 /* LPSearchBar.m */ = {isa = PBXFileReference; lastKnownFileType = sourcecode.c.objc; path = LPSearchBar.m; sourceTree = "<group>"; };
		DC7383842134DC200055DC10 /* LPMineCell.h */ = {isa = PBXFileReference; lastKnownFileType = sourcecode.c.h; path = LPMineCell.h; sourceTree = "<group>"; };
		DC7383852134DC200055DC10 /* LPMineCell.m */ = {isa = PBXFileReference; lastKnownFileType = sourcecode.c.objc; path = LPMineCell.m; sourceTree = "<group>"; };
		DC7383862134DC200055DC10 /* LPMineCell.xib */ = {isa = PBXFileReference; lastKnownFileType = file.xib; path = LPMineCell.xib; sourceTree = "<group>"; };
		DC73838A2134E95C0055DC10 /* NetRequestEnty.m */ = {isa = PBXFileReference; fileEncoding = 4; lastKnownFileType = sourcecode.c.objc; path = NetRequestEnty.m; sourceTree = "<group>"; };
		DC73838B2134E95D0055DC10 /* MoninNet.h */ = {isa = PBXFileReference; fileEncoding = 4; lastKnownFileType = sourcecode.c.h; path = MoninNet.h; sourceTree = "<group>"; };
		DC73838C2134E95D0055DC10 /* NetRequestEnty.h */ = {isa = PBXFileReference; fileEncoding = 4; lastKnownFileType = sourcecode.c.h; path = NetRequestEnty.h; sourceTree = "<group>"; };
		DC73838D2134E95D0055DC10 /* NetInstance.m */ = {isa = PBXFileReference; fileEncoding = 4; lastKnownFileType = sourcecode.c.objc; path = NetInstance.m; sourceTree = "<group>"; };
		DC73838E2134E95D0055DC10 /* MoninNet.m */ = {isa = PBXFileReference; fileEncoding = 4; lastKnownFileType = sourcecode.c.objc; path = MoninNet.m; sourceTree = "<group>"; };
		DC73838F2134E95D0055DC10 /* NetRequestManager.h */ = {isa = PBXFileReference; fileEncoding = 4; lastKnownFileType = sourcecode.c.h; path = NetRequestManager.h; sourceTree = "<group>"; };
		DC7383902134E95E0055DC10 /* NetApiManager.h */ = {isa = PBXFileReference; fileEncoding = 4; lastKnownFileType = sourcecode.c.h; path = NetApiManager.h; sourceTree = "<group>"; };
		DC7383912134E95E0055DC10 /* NetInstance.h */ = {isa = PBXFileReference; fileEncoding = 4; lastKnownFileType = sourcecode.c.h; path = NetInstance.h; sourceTree = "<group>"; };
		DC7383922134E95E0055DC10 /* NetRequestManager.m */ = {isa = PBXFileReference; fileEncoding = 4; lastKnownFileType = sourcecode.c.objc; path = NetRequestManager.m; sourceTree = "<group>"; };
		DC7383932134E95E0055DC10 /* NetApiManager.m */ = {isa = PBXFileReference; fileEncoding = 4; lastKnownFileType = sourcecode.c.objc; path = NetApiManager.m; sourceTree = "<group>"; };
		DC7383992134EAEE0055DC10 /* UIWindow+Window.h */ = {isa = PBXFileReference; fileEncoding = 4; lastKnownFileType = sourcecode.c.h; path = "UIWindow+Window.h"; sourceTree = "<group>"; };
		DC73839A2134EAEF0055DC10 /* UIWindow+Window.m */ = {isa = PBXFileReference; fileEncoding = 4; lastKnownFileType = sourcecode.c.objc; path = "UIWindow+Window.m"; sourceTree = "<group>"; };
		DC73839D2134EBC10055DC10 /* LPUserDefaults.h */ = {isa = PBXFileReference; lastKnownFileType = sourcecode.c.h; path = LPUserDefaults.h; sourceTree = "<group>"; };
		DC73839E2134EBC10055DC10 /* LPUserDefaults.m */ = {isa = PBXFileReference; lastKnownFileType = sourcecode.c.objc; path = LPUserDefaults.m; sourceTree = "<group>"; };
		DC7383A02134EF300055DC10 /* UIView+MBProgressHUD.h */ = {isa = PBXFileReference; fileEncoding = 4; lastKnownFileType = sourcecode.c.h; path = "UIView+MBProgressHUD.h"; sourceTree = "<group>"; };
		DC7383A12134EF300055DC10 /* UIView+MBProgressHUD.m */ = {isa = PBXFileReference; fileEncoding = 4; lastKnownFileType = sourcecode.c.objc; path = "UIView+MBProgressHUD.m"; sourceTree = "<group>"; };
		DC7383A42134F6580055DC10 /* LPMainCell.h */ = {isa = PBXFileReference; lastKnownFileType = sourcecode.c.h; path = LPMainCell.h; sourceTree = "<group>"; };
		DC7383A52134F6580055DC10 /* LPMainCell.m */ = {isa = PBXFileReference; lastKnownFileType = sourcecode.c.objc; path = LPMainCell.m; sourceTree = "<group>"; };
		DC7383A62134F6580055DC10 /* LPMainCell.xib */ = {isa = PBXFileReference; lastKnownFileType = file.xib; path = LPMainCell.xib; sourceTree = "<group>"; };
		DC7383AA2134F7B50055DC10 /* LPWorklistModel.h */ = {isa = PBXFileReference; lastKnownFileType = sourcecode.c.h; path = LPWorklistModel.h; sourceTree = "<group>"; };
		DC7383AB2134F7B50055DC10 /* LPWorklistModel.m */ = {isa = PBXFileReference; lastKnownFileType = sourcecode.c.objc; path = LPWorklistModel.m; sourceTree = "<group>"; };
		DC7A32CC21379BCA00E09C6C /* LPMineCardCell.h */ = {isa = PBXFileReference; lastKnownFileType = sourcecode.c.h; path = LPMineCardCell.h; sourceTree = "<group>"; };
		DC7A32CD21379BCA00E09C6C /* LPMineCardCell.m */ = {isa = PBXFileReference; lastKnownFileType = sourcecode.c.objc; path = LPMineCardCell.m; sourceTree = "<group>"; };
		DC7A32CE21379BCA00E09C6C /* LPMineCardCell.xib */ = {isa = PBXFileReference; lastKnownFileType = file.xib; path = LPMineCardCell.xib; sourceTree = "<group>"; };
		DC7A32D32137C2EC00E09C6C /* LPLoginVC.h */ = {isa = PBXFileReference; lastKnownFileType = sourcecode.c.h; path = LPLoginVC.h; sourceTree = "<group>"; };
		DC7A32D42137C2EC00E09C6C /* LPLoginVC.m */ = {isa = PBXFileReference; lastKnownFileType = sourcecode.c.objc; path = LPLoginVC.m; sourceTree = "<group>"; };
		DC7A32D62137D7E200E09C6C /* LPRegisteredVC.h */ = {isa = PBXFileReference; lastKnownFileType = sourcecode.c.h; path = LPRegisteredVC.h; sourceTree = "<group>"; };
		DC7A32D72137D7E200E09C6C /* LPRegisteredVC.m */ = {isa = PBXFileReference; lastKnownFileType = sourcecode.c.objc; path = LPRegisteredVC.m; sourceTree = "<group>"; };
		DC7A32D92137DADC00E09C6C /* UIViewController+BackItem.m */ = {isa = PBXFileReference; fileEncoding = 4; lastKnownFileType = sourcecode.c.objc; path = "UIViewController+BackItem.m"; sourceTree = "<group>"; };
		DC7A32DA2137DADD00E09C6C /* UIViewController+BackItem.h */ = {isa = PBXFileReference; fileEncoding = 4; lastKnownFileType = sourcecode.c.h; path = "UIViewController+BackItem.h"; sourceTree = "<group>"; };
		DC7A32DC2137E61100E09C6C /* LPForgetPassWordVC.h */ = {isa = PBXFileReference; lastKnownFileType = sourcecode.c.h; path = LPForgetPassWordVC.h; sourceTree = "<group>"; };
		DC7A32DD2137E61100E09C6C /* LPForgetPassWordVC.m */ = {isa = PBXFileReference; lastKnownFileType = sourcecode.c.objc; path = LPForgetPassWordVC.m; sourceTree = "<group>"; };
		DC7A32DF2137E99300E09C6C /* LoginUtils.h */ = {isa = PBXFileReference; lastKnownFileType = sourcecode.c.h; path = LoginUtils.h; sourceTree = "<group>"; };
		DC7A32E02137E99300E09C6C /* LoginUtils.m */ = {isa = PBXFileReference; lastKnownFileType = sourcecode.c.objc; path = LoginUtils.m; sourceTree = "<group>"; };
		DC7A32E22138074900E09C6C /* LPSetVC.h */ = {isa = PBXFileReference; lastKnownFileType = sourcecode.c.h; path = LPSetVC.h; sourceTree = "<group>"; };
		DC7A32E32138074900E09C6C /* LPSetVC.m */ = {isa = PBXFileReference; lastKnownFileType = sourcecode.c.objc; path = LPSetVC.m; sourceTree = "<group>"; };
		DC7A32E5213812E200E09C6C /* LPSortAlertView.h */ = {isa = PBXFileReference; lastKnownFileType = sourcecode.c.h; path = LPSortAlertView.h; sourceTree = "<group>"; };
		DC7A32E6213812E200E09C6C /* LPSortAlertView.m */ = {isa = PBXFileReference; lastKnownFileType = sourcecode.c.objc; path = LPSortAlertView.m; sourceTree = "<group>"; };
		DCB5A5321875E124A6C52C8B /* libPods-BlueHired.a */ = {isa = PBXFileReference; explicitFileType = archive.ar; includeInIndex = 0; path = "libPods-BlueHired.a"; sourceTree = BUILT_PRODUCTS_DIR; };
		DCF5D9BA213F892D009F5DCE /* LPBusinessReviewVC.h */ = {isa = PBXFileReference; lastKnownFileType = sourcecode.c.h; path = LPBusinessReviewVC.h; sourceTree = "<group>"; };
		DCF5D9BB213F892D009F5DCE /* LPBusinessReviewVC.m */ = {isa = PBXFileReference; lastKnownFileType = sourcecode.c.objc; path = LPBusinessReviewVC.m; sourceTree = "<group>"; };
		DCF5D9BE213FA395009F5DCE /* LPMechanismcommentMechanismlistModel.h */ = {isa = PBXFileReference; lastKnownFileType = sourcecode.c.h; path = LPMechanismcommentMechanismlistModel.h; sourceTree = "<group>"; };
		DCF5D9BF213FA395009F5DCE /* LPMechanismcommentMechanismlistModel.m */ = {isa = PBXFileReference; lastKnownFileType = sourcecode.c.objc; path = LPMechanismcommentMechanismlistModel.m; sourceTree = "<group>"; };
		DCF5D9C2213FA5BD009F5DCE /* LPBusinessReviewCell.h */ = {isa = PBXFileReference; lastKnownFileType = sourcecode.c.h; path = LPBusinessReviewCell.h; sourceTree = "<group>"; };
		DCF5D9C3213FA5BD009F5DCE /* LPBusinessReviewCell.m */ = {isa = PBXFileReference; lastKnownFileType = sourcecode.c.objc; path = LPBusinessReviewCell.m; sourceTree = "<group>"; };
		DCF5D9C4213FA5BD009F5DCE /* LPBusinessReviewCell.xib */ = {isa = PBXFileReference; lastKnownFileType = file.xib; path = LPBusinessReviewCell.xib; sourceTree = "<group>"; };
		DCF5D9C7213FB4D1009F5DCE /* LPBusinessReviewSearchVC.h */ = {isa = PBXFileReference; lastKnownFileType = sourcecode.c.h; path = LPBusinessReviewSearchVC.h; sourceTree = "<group>"; };
		DCF5D9C8213FB4D1009F5DCE /* LPBusinessReviewSearchVC.m */ = {isa = PBXFileReference; lastKnownFileType = sourcecode.c.objc; path = LPBusinessReviewSearchVC.m; sourceTree = "<group>"; };
		DCF5D9CA213FB5CF009F5DCE /* LPBusinessReviewSearchResultVC.h */ = {isa = PBXFileReference; lastKnownFileType = sourcecode.c.h; path = LPBusinessReviewSearchResultVC.h; sourceTree = "<group>"; };
		DCF5D9CB213FB5CF009F5DCE /* LPBusinessReviewSearchResultVC.m */ = {isa = PBXFileReference; lastKnownFileType = sourcecode.c.objc; path = LPBusinessReviewSearchResultVC.m; sourceTree = "<group>"; };
		DCF5D9CD213FB7D9009F5DCE /* LPBusinessReviewDetailVC.h */ = {isa = PBXFileReference; lastKnownFileType = sourcecode.c.h; path = LPBusinessReviewDetailVC.h; sourceTree = "<group>"; };
		DCF5D9CE213FB7D9009F5DCE /* LPBusinessReviewDetailVC.m */ = {isa = PBXFileReference; lastKnownFileType = sourcecode.c.objc; path = LPBusinessReviewDetailVC.m; sourceTree = "<group>"; };
		DCF5D9D0213FC1CE009F5DCE /* LPMechanismcommentDetailModel.h */ = {isa = PBXFileReference; lastKnownFileType = sourcecode.c.h; path = LPMechanismcommentDetailModel.h; sourceTree = "<group>"; };
		DCF5D9D1213FC1CE009F5DCE /* LPMechanismcommentDetailModel.m */ = {isa = PBXFileReference; lastKnownFileType = sourcecode.c.objc; path = LPMechanismcommentDetailModel.m; sourceTree = "<group>"; };
		E94B224D8D8E2D47E74AC9DB /* Pods-BlueHiredTests.release.xcconfig */ = {isa = PBXFileReference; includeInIndex = 1; lastKnownFileType = text.xcconfig; name = "Pods-BlueHiredTests.release.xcconfig"; path = "Pods/Target Support Files/Pods-BlueHiredTests/Pods-BlueHiredTests.release.xcconfig"; sourceTree = "<group>"; };
		F2990BA484C987BEAA6D77E9 /* libPods-BlueHiredTests.a */ = {isa = PBXFileReference; explicitFileType = archive.ar; includeInIndex = 0; path = "libPods-BlueHiredTests.a"; sourceTree = BUILT_PRODUCTS_DIR; };
/* End PBXFileReference section */

/* Begin PBXFrameworksBuildPhase section */
		DC73831D2133E33E0055DC10 /* Frameworks */ = {
			isa = PBXFrameworksBuildPhase;
			buildActionMask = 2147483647;
			files = (
				BE82CAE860C97254269F44AD /* libPods-BlueHired.a in Frameworks */,
			);
			runOnlyForDeploymentPostprocessing = 0;
		};
		DC7383352133E3680055DC10 /* Frameworks */ = {
			isa = PBXFrameworksBuildPhase;
			buildActionMask = 2147483647;
			files = (
				DD9C491243746BE284EDF63A /* libPods-BlueHiredTests.a in Frameworks */,
			);
			runOnlyForDeploymentPostprocessing = 0;
		};
		DC7383402133E3680055DC10 /* Frameworks */ = {
			isa = PBXFrameworksBuildPhase;
			buildActionMask = 2147483647;
			files = (
				39138DA4778A75826AAD22ED /* libPods-BlueHiredUITests.a in Frameworks */,
			);
			runOnlyForDeploymentPostprocessing = 0;
		};
/* End PBXFrameworksBuildPhase section */

/* Begin PBXGroup section */
		1ABBBFEFDF1ECC1A0863FFDF /* Pods */ = {
			isa = PBXGroup;
			children = (
				4FD02EE4915B3B8981F023F1 /* Pods-BlueHired.debug.xcconfig */,
				992D1B12C5F757999ACD5D40 /* Pods-BlueHired.release.xcconfig */,
				92E3EB858257F39A6762B321 /* Pods-BlueHiredTests.debug.xcconfig */,
				E94B224D8D8E2D47E74AC9DB /* Pods-BlueHiredTests.release.xcconfig */,
				0B5AEFAB0E6764927C17DDE2 /* Pods-BlueHiredUITests.debug.xcconfig */,
				BBC93F1DC28C278E85E3A307 /* Pods-BlueHiredUITests.release.xcconfig */,
			);
			name = Pods;
			sourceTree = "<group>";
		};
		3A29534E777751FACE05724E /* Frameworks */ = {
			isa = PBXGroup;
			children = (
				DCB5A5321875E124A6C52C8B /* libPods-BlueHired.a */,
				F2990BA484C987BEAA6D77E9 /* libPods-BlueHiredTests.a */,
				82479EF595BD37AB322E0AA9 /* libPods-BlueHiredUITests.a */,
			);
			name = Frameworks;
			sourceTree = "<group>";
		};
		DC13BB48213E1BF600800955 /* ChooseCity */ = {
			isa = PBXGroup;
			children = (
				DC13BB56213E5B5400800955 /* View */,
				DC13BB4A213E1C1C00800955 /* Controller */,
				DC13BB49213E1C1C00800955 /* Model */,
			);
			path = ChooseCity;
			sourceTree = "<group>";
		};
		DC13BB49213E1C1C00800955 /* Model */ = {
			isa = PBXGroup;
			children = (
				DC13BB51213E205A00800955 /* china_cities_v2.db */,
				DC13BB4B213E1C3B00800955 /* LPCityModel.h */,
				DC13BB4C213E1C3B00800955 /* LPCityModel.m */,
				DC13BB4E213E1FD100800955 /* LPCityDataManager.h */,
				DC13BB4F213E1FD100800955 /* LPCityDataManager.m */,
			);
			path = Model;
			sourceTree = "<group>";
		};
		DC13BB4A213E1C1C00800955 /* Controller */ = {
			isa = PBXGroup;
			children = (
				DC13BB53213E23CF00800955 /* LPSelectCityVC.h */,
				DC13BB54213E23CF00800955 /* LPSelectCityVC.m */,
			);
			path = Controller;
			sourceTree = "<group>";
		};
		DC13BB56213E5B5400800955 /* View */ = {
			isa = PBXGroup;
			children = (
				DC13BB57213E5B6A00800955 /* LPCityCell.h */,
				DC13BB58213E5B6A00800955 /* LPCityCell.m */,
				DC13BB59213E5B6A00800955 /* LPCityCell.xib */,
			);
			path = View;
			sourceTree = "<group>";
		};
		DC22957C2140BBD50002A095 /* Model */ = {
			isa = PBXGroup;
			children = (
				DC22957D2140BBE70002A095 /* LPUserMaterialModel.h */,
				DC22957E2140BBE70002A095 /* LPUserMaterialModel.m */,
			);
			path = Model;
			sourceTree = "<group>";
		};
		DC44DB9D21353D3500D00FAC /* Model */ = {
			isa = PBXGroup;
			children = (
				DC44DB9E21353D5800D00FAC /* LPLabelListModel.h */,
				DC44DB9F21353D5800D00FAC /* LPLabelListModel.m */,
				DC5C387E21362EB300B3CF6E /* LPEssaylistModel.h */,
				DC5C387F21362EB300B3CF6E /* LPEssaylistModel.m */,
				DC49D86D213A7751009BFCB0 /* LPEssayDetailModel.h */,
				DC49D86E213A7751009BFCB0 /* LPEssayDetailModel.m */,
				DC17FE2B213A9A9100635F05 /* LPCommentListModel.h */,
				DC17FE2C213A9A9100635F05 /* LPCommentListModel.m */,
			);
			path = Model;
			sourceTree = "<group>";
		};
		DC44DBA421354E6900D00FAC /* View */ = {
			isa = PBXGroup;
			children = (
				DC44DBA521354E8500D00FAC /* LPInformationCollectionViewCell.h */,
				DC44DBA621354E8500D00FAC /* LPInformationCollectionViewCell.m */,
				DC44DBA721354E8500D00FAC /* LPInformationCollectionViewCell.xib */,
				DC5C38812136372F00B3CF6E /* LPInformationSingleCell.h */,
				DC5C38822136372F00B3CF6E /* LPInformationSingleCell.m */,
				DC5C38832136372F00B3CF6E /* LPInformationSingleCell.xib */,
				DC5C3886213640A300B3CF6E /* LPInformationMoreCell.h */,
				DC5C3887213640A300B3CF6E /* LPInformationMoreCell.m */,
				DC5C3888213640A300B3CF6E /* LPInformationMoreCell.xib */,
				DC5C388B213645E000B3CF6E /* LPInformationMoreImageCollectionViewCell.h */,
				DC5C388C213645E000B3CF6E /* LPInformationMoreImageCollectionViewCell.m */,
				DC5C388D213645E000B3CF6E /* LPInformationMoreImageCollectionViewCell.xib */,
				DC49D868213A74B3009BFCB0 /* LPEssayDetailHeadCell.h */,
				DC49D869213A74B3009BFCB0 /* LPEssayDetailHeadCell.m */,
				DC49D86A213A74B3009BFCB0 /* LPEssayDetailHeadCell.xib */,
				DC290F2C213CC55000EC3FCC /* LPEssayDetailCommentCell.h */,
				DC290F2D213CC55000EC3FCC /* LPEssayDetailCommentCell.m */,
				DC290F2E213CC55000EC3FCC /* LPEssayDetailCommentCell.xib */,
				DC290F31213CDDEB00EC3FCC /* LPEssayDetailCommentReplyCell.h */,
				DC290F32213CDDEB00EC3FCC /* LPEssayDetailCommentReplyCell.m */,
				DC290F33213CDDEB00EC3FCC /* LPEssayDetailCommentReplyCell.xib */,
			);
			path = View;
			sourceTree = "<group>";
		};
		DC5C38902136680C00B3CF6E /* View */ = {
			isa = PBXGroup;
			children = (
				DC5C38912136682200B3CF6E /* LPCircleCollectionViewCell.h */,
				DC5C38922136682200B3CF6E /* LPCircleCollectionViewCell.m */,
				DC5C38932136682200B3CF6E /* LPCircleCollectionViewCell.xib */,
				DC5C389A213682F500B3CF6E /* LPCircleListCell.h */,
				DC5C389B213682F500B3CF6E /* LPCircleListCell.m */,
				DC5C389C213682F500B3CF6E /* LPCircleListCell.xib */,
			);
			path = View;
			sourceTree = "<group>";
		};
		DC5C389621366D0E00B3CF6E /* Model */ = {
			isa = PBXGroup;
			children = (
				DC5C389721366D1A00B3CF6E /* LPMoodTypeModel.h */,
				DC5C389821366D1A00B3CF6E /* LPMoodTypeModel.m */,
				DC5C389F213690C000B3CF6E /* LPMoodListModel.h */,
				DC5C38A0213690C000B3CF6E /* LPMoodListModel.m */,
			);
			path = Model;
			sourceTree = "<group>";
		};
		DC7383172133E33E0055DC10 = {
			isa = PBXGroup;
			children = (
				DC7383222133E33E0055DC10 /* BlueHired */,
				DC73833B2133E3680055DC10 /* BlueHiredTests */,
				DC7383462133E3680055DC10 /* BlueHiredUITests */,
				DC7383212133E33E0055DC10 /* Products */,
				1ABBBFEFDF1ECC1A0863FFDF /* Pods */,
				3A29534E777751FACE05724E /* Frameworks */,
			);
			sourceTree = "<group>";
		};
		DC7383212133E33E0055DC10 /* Products */ = {
			isa = PBXGroup;
			children = (
				DC7383202133E33E0055DC10 /* BlueHired.app */,
				DC7383382133E3680055DC10 /* BlueHiredTests.xctest */,
				DC7383432133E3680055DC10 /* BlueHiredUITests.xctest */,
			);
			name = Products;
			sourceTree = "<group>";
		};
		DC7383222133E33E0055DC10 /* BlueHired */ = {
			isa = PBXGroup;
			children = (
				DC7383552133EAAF0055DC10 /* Class */,
				DC7383232133E33E0055DC10 /* AppDelegate.h */,
				DC7383242133E33E0055DC10 /* AppDelegate.m */,
				DC7383262133E33E0055DC10 /* ViewController.h */,
				DC7383272133E33E0055DC10 /* ViewController.m */,
				DC7383292133E33E0055DC10 /* Main.storyboard */,
				DC73832C2133E3670055DC10 /* Assets.xcassets */,
				DC73832E2133E3670055DC10 /* LaunchScreen.storyboard */,
				DC7383312133E3670055DC10 /* Info.plist */,
				DC7383322133E3670055DC10 /* main.m */,
			);
			path = BlueHired;
			sourceTree = "<group>";
		};
		DC73833B2133E3680055DC10 /* BlueHiredTests */ = {
			isa = PBXGroup;
			children = (
				DC73833C2133E3680055DC10 /* BlueHiredTests.m */,
				DC73833E2133E3680055DC10 /* Info.plist */,
			);
			path = BlueHiredTests;
			sourceTree = "<group>";
		};
		DC7383462133E3680055DC10 /* BlueHiredUITests */ = {
			isa = PBXGroup;
			children = (
				DC7383472133E3680055DC10 /* BlueHiredUITests.m */,
				DC7383492133E3680055DC10 /* Info.plist */,
			);
			path = BlueHiredUITests;
			sourceTree = "<group>";
		};
		DC7383552133EAAF0055DC10 /* Class */ = {
			isa = PBXGroup;
			children = (
				DC7383562133EAAF0055DC10 /* Base */,
				DCF5D9B8213F8905009F5DCE /* BusinessReview */,
				DC73837A2133F0F00055DC10 /* Categories */,
				DC13BB48213E1BF600800955 /* ChooseCity */,
				DC7383622133EBEB0055DC10 /* Circle */,
				DC73837E21341EA10055DC10 /* Common */,
				DC7383642133EBEB0055DC10 /* Information */,
				DC7A32D12137C26100E09C6C /* Login */,
				DC7383722133EC630055DC10 /* MacroPch */,
				DC7383572133EAAF0055DC10 /* Main */,
				DC7383662133EBEB0055DC10 /* Mine */,
			);
			path = Class;
			sourceTree = "<group>";
		};
		DC7383562133EAAF0055DC10 /* Base */ = {
			isa = PBXGroup;
			children = (
				DC7383582133EAD30055DC10 /* LPBaseViewController.h */,
				DC7383592133EAD30055DC10 /* LPBaseViewController.m */,
				DC7383772133EE800055DC10 /* LPTabBarViewController.h */,
				DC7383782133EE800055DC10 /* LPTabBarViewController.m */,
			);
			path = Base;
			sourceTree = "<group>";
		};
		DC7383572133EAAF0055DC10 /* Main */ = {
			isa = PBXGroup;
			children = (
				DC73835E2133EB2A0055DC10 /* Controller */,
				DC7383A92134F79D0055DC10 /* Model */,
				DC7383A32134F6380055DC10 /* View */,
			);
			path = Main;
			sourceTree = "<group>";
		};
		DC73835E2133EB2A0055DC10 /* Controller */ = {
			isa = PBXGroup;
			children = (
				DC73835F2133EB2A0055DC10 /* LPMainVC.h */,
				DC7383602133EB2A0055DC10 /* LPMainVC.m */,
				DC30E1902138E622000C7A91 /* LPMainSearchVC.h */,
				DC30E1912138E622000C7A91 /* LPMainSearchVC.m */,
				DC30E19621391303000C7A91 /* LPMainSearchResultVC.h */,
				DC30E19721391303000C7A91 /* LPMainSearchResultVC.m */,
				DC30E19C21392E23000C7A91 /* LPWorkDetailVC.h */,
				DC30E19D21392E23000C7A91 /* LPWorkDetailVC.m */,
			);
			path = Controller;
			sourceTree = "<group>";
		};
		DC7383622133EBEB0055DC10 /* Circle */ = {
			isa = PBXGroup;
			children = (
				DC7383632133EBEB0055DC10 /* Controller */,
				DC5C389621366D0E00B3CF6E /* Model */,
				DC5C38902136680C00B3CF6E /* View */,
			);
			path = Circle;
			sourceTree = "<group>";
		};
		DC7383632133EBEB0055DC10 /* Controller */ = {
			isa = PBXGroup;
			children = (
				DC7383682133EC040055DC10 /* LPCircleVC.h */,
				DC7383692133EC040055DC10 /* LPCircleVC.m */,
			);
			path = Controller;
			sourceTree = "<group>";
		};
		DC7383642133EBEB0055DC10 /* Information */ = {
			isa = PBXGroup;
			children = (
				DC7383652133EBEB0055DC10 /* Controller */,
				DC44DB9D21353D3500D00FAC /* Model */,
				DC44DBA421354E6900D00FAC /* View */,
			);
			path = Information;
			sourceTree = "<group>";
		};
		DC7383652133EBEB0055DC10 /* Controller */ = {
			isa = PBXGroup;
			children = (
				DC73836B2133EC1B0055DC10 /* LPInformationVC.h */,
				DC73836C2133EC1B0055DC10 /* LPInformationVC.m */,
				DC30E1932138F51B000C7A91 /* LPInformationSearchVC.h */,
				DC30E1942138F51B000C7A91 /* LPInformationSearchVC.m */,
				DC30E19921391DAD000C7A91 /* LPInformationSearchResultVC.h */,
				DC30E19A21391DAD000C7A91 /* LPInformationSearchResultVC.m */,
				DC49D865213A6BB2009BFCB0 /* LPEssayDetailVC.h */,
				DC49D866213A6BB2009BFCB0 /* LPEssayDetailVC.m */,
				DC290F36213D0AA300EC3FCC /* LPCommentDetailVC.h */,
				DC290F37213D0AA300EC3FCC /* LPCommentDetailVC.m */,
			);
			path = Controller;
			sourceTree = "<group>";
		};
		DC7383662133EBEB0055DC10 /* Mine */ = {
			isa = PBXGroup;
			children = (
				DC22957C2140BBD50002A095 /* Model */,
				DC7383672133EBEB0055DC10 /* Controller */,
				DC7383832134DBEB0055DC10 /* View */,
			);
			path = Mine;
			sourceTree = "<group>";
		};
		DC7383672133EBEB0055DC10 /* Controller */ = {
			isa = PBXGroup;
			children = (
				DC73836F2133EC320055DC10 /* LPMineVC.h */,
				DC7383702133EC320055DC10 /* LPMineVC.m */,
				DC7A32E22138074900E09C6C /* LPSetVC.h */,
				DC7A32E32138074900E09C6C /* LPSetVC.m */,
			);
			path = Controller;
			sourceTree = "<group>";
		};
		DC7383722133EC630055DC10 /* MacroPch */ = {
			isa = PBXGroup;
			children = (
				DC7383752133EE0D0055DC10 /* ApiKeys.h */,
				DC7383762133EE190055DC10 /* Heads.h */,
				DC7383732133EC8B0055DC10 /* LPPrefixHeader.pch */,
				DC7383742133EDEE0055DC10 /* MacroDefine.h */,
			);
			path = MacroPch;
			sourceTree = "<group>";
		};
		DC73837A2133F0F00055DC10 /* Categories */ = {
			isa = PBXGroup;
			children = (
				DC7383A02134EF300055DC10 /* UIView+MBProgressHUD.h */,
				DC7383A12134EF300055DC10 /* UIView+MBProgressHUD.m */,
				DC7383992134EAEE0055DC10 /* UIWindow+Window.h */,
				DC73839A2134EAEF0055DC10 /* UIWindow+Window.m */,
				DC73837B2133F1110055DC10 /* UIColor+Color.h */,
				DC73837C2133F1110055DC10 /* UIColor+Color.m */,
				DC44DB97213526C600D00FAC /* UIImage+Image.h */,
				DC44DB98213526C600D00FAC /* UIImage+Image.m */,
				DC5C38A221369B9B00B3CF6E /* NSString+String.h */,
				DC5C38A321369B9B00B3CF6E /* NSString+String.m */,
				DC7A32DA2137DADD00E09C6C /* UIViewController+BackItem.h */,
				DC7A32D92137DADC00E09C6C /* UIViewController+BackItem.m */,
			);
			path = Categories;
			sourceTree = "<group>";
		};
		DC73837E21341EA10055DC10 /* Common */ = {
			isa = PBXGroup;
			children = (
				DC7383892134E9520055DC10 /* NerWork */,
				DC73839C2134EBB40055DC10 /* Until */,
				DC73837F21341EA10055DC10 /* View */,
			);
			path = Common;
			sourceTree = "<group>";
		};
		DC73837F21341EA10055DC10 /* View */ = {
			isa = PBXGroup;
			children = (
				DC73838021341EBD0055DC10 /* LPSearchBar.h */,
				DC73838121341EBD0055DC10 /* LPSearchBar.m */,
				DC44DB9A21352B8000D00FAC /* LPNoDataView.h */,
				DC44DB9B21352B8000D00FAC /* LPNoDataView.m */,
				DC290F3A213D31D400EC3FCC /* GJAlert2.h */,
				DC290F39213D31D300EC3FCC /* GJAlert2.m */,
			);
			path = View;
			sourceTree = "<group>";
		};
		DC7383832134DBEB0055DC10 /* View */ = {
			isa = PBXGroup;
			children = (
				DC7383842134DC200055DC10 /* LPMineCell.h */,
				DC7383852134DC200055DC10 /* LPMineCell.m */,
				DC7383862134DC200055DC10 /* LPMineCell.xib */,
				DC7A32CC21379BCA00E09C6C /* LPMineCardCell.h */,
				DC7A32CD21379BCA00E09C6C /* LPMineCardCell.m */,
				DC7A32CE21379BCA00E09C6C /* LPMineCardCell.xib */,
			);
			path = View;
			sourceTree = "<group>";
		};
		DC7383892134E9520055DC10 /* NerWork */ = {
			isa = PBXGroup;
			children = (
				DC73838B2134E95D0055DC10 /* MoninNet.h */,
				DC73838E2134E95D0055DC10 /* MoninNet.m */,
				DC7383902134E95E0055DC10 /* NetApiManager.h */,
				DC7383932134E95E0055DC10 /* NetApiManager.m */,
				DC7383912134E95E0055DC10 /* NetInstance.h */,
				DC73838D2134E95D0055DC10 /* NetInstance.m */,
				DC73838C2134E95D0055DC10 /* NetRequestEnty.h */,
				DC73838A2134E95C0055DC10 /* NetRequestEnty.m */,
				DC73838F2134E95D0055DC10 /* NetRequestManager.h */,
				DC7383922134E95E0055DC10 /* NetRequestManager.m */,
			);
			path = NerWork;
			sourceTree = "<group>";
		};
		DC73839C2134EBB40055DC10 /* Until */ = {
			isa = PBXGroup;
			children = (
				DC73839D2134EBC10055DC10 /* LPUserDefaults.h */,
				DC73839E2134EBC10055DC10 /* LPUserDefaults.m */,
				DC44DB9521351F6D00D00FAC /* NullSafe.m */,
				DC44DBA221354D6A00D00FAC /* DeviceUtils.h */,
				DC44DBA121354D6A00D00FAC /* DeviceUtils.m */,
				DC7A32DF2137E99300E09C6C /* LoginUtils.h */,
				DC7A32E02137E99300E09C6C /* LoginUtils.m */,
			);
			path = Until;
			sourceTree = "<group>";
		};
		DC7383A32134F6380055DC10 /* View */ = {
			isa = PBXGroup;
			children = (
				DC7383A42134F6580055DC10 /* LPMainCell.h */,
				DC7383A52134F6580055DC10 /* LPMainCell.m */,
				DC7383A62134F6580055DC10 /* LPMainCell.xib */,
				DC7A32E5213812E200E09C6C /* LPSortAlertView.h */,
				DC7A32E6213812E200E09C6C /* LPSortAlertView.m */,
				DC30E18D2138D9CB000C7A91 /* LPScreenAlertView.h */,
				DC30E18E2138D9CB000C7A91 /* LPScreenAlertView.m */,
				DC30E1A221393BB0000C7A91 /* LPWorkDetailHeadCell.h */,
				DC30E1A321393BB0000C7A91 /* LPWorkDetailHeadCell.m */,
				DC30E1A421393BB0000C7A91 /* LPWorkDetailHeadCell.xib */,
				DC30E1AC21394055000C7A91 /* LPWorkDetailTextCell.h */,
				DC30E1AD21394055000C7A91 /* LPWorkDetailTextCell.m */,
				DC30E1AE21394055000C7A91 /* LPWorkDetailTextCell.xib */,
			);
			path = View;
			sourceTree = "<group>";
		};
		DC7383A92134F79D0055DC10 /* Model */ = {
			isa = PBXGroup;
			children = (
				DC7383AA2134F7B50055DC10 /* LPWorklistModel.h */,
				DC7383AB2134F7B50055DC10 /* LPWorklistModel.m */,
				DC30E19F21393255000C7A91 /* LPWorkDetailModel.h */,
				DC30E1A021393255000C7A91 /* LPWorkDetailModel.m */,
				DC13BB5C213EA10200800955 /* LPMechanismlistModel.h */,
				DC13BB5D213EA10200800955 /* LPMechanismlistModel.m */,
				DC229580214106D10002A095 /* LPIsApplyOrIsCollectionModel.h */,
				DC229581214106D10002A095 /* LPIsApplyOrIsCollectionModel.m */,
			);
			path = Model;
			sourceTree = "<group>";
		};
		DC7A32D12137C26100E09C6C /* Login */ = {
			isa = PBXGroup;
			children = (
				DC7A32D22137C28000E09C6C /* Controller */,
			);
			path = Login;
			sourceTree = "<group>";
		};
		DC7A32D22137C28000E09C6C /* Controller */ = {
			isa = PBXGroup;
			children = (
				DC7A32D32137C2EC00E09C6C /* LPLoginVC.h */,
				DC7A32D42137C2EC00E09C6C /* LPLoginVC.m */,
				DC7A32D62137D7E200E09C6C /* LPRegisteredVC.h */,
				DC7A32D72137D7E200E09C6C /* LPRegisteredVC.m */,
				DC7A32DC2137E61100E09C6C /* LPForgetPassWordVC.h */,
				DC7A32DD2137E61100E09C6C /* LPForgetPassWordVC.m */,
			);
			path = Controller;
			sourceTree = "<group>";
		};
		DCF5D9B8213F8905009F5DCE /* BusinessReview */ = {
			isa = PBXGroup;
			children = (
				DCF5D9C1213FA592009F5DCE /* View */,
				DCF5D9BD213FA389009F5DCE /* Model */,
				DCF5D9B9213F8916009F5DCE /* Controller */,
			);
			path = BusinessReview;
			sourceTree = "<group>";
		};
		DCF5D9B9213F8916009F5DCE /* Controller */ = {
			isa = PBXGroup;
			children = (
				DCF5D9BA213F892D009F5DCE /* LPBusinessReviewVC.h */,
				DCF5D9BB213F892D009F5DCE /* LPBusinessReviewVC.m */,
				DCF5D9C7213FB4D1009F5DCE /* LPBusinessReviewSearchVC.h */,
				DCF5D9C8213FB4D1009F5DCE /* LPBusinessReviewSearchVC.m */,
				DCF5D9CA213FB5CF009F5DCE /* LPBusinessReviewSearchResultVC.h */,
				DCF5D9CB213FB5CF009F5DCE /* LPBusinessReviewSearchResultVC.m */,
				DCF5D9CD213FB7D9009F5DCE /* LPBusinessReviewDetailVC.h */,
				DCF5D9CE213FB7D9009F5DCE /* LPBusinessReviewDetailVC.m */,
			);
			path = Controller;
			sourceTree = "<group>";
		};
		DCF5D9BD213FA389009F5DCE /* Model */ = {
			isa = PBXGroup;
			children = (
				DCF5D9BE213FA395009F5DCE /* LPMechanismcommentMechanismlistModel.h */,
				DCF5D9BF213FA395009F5DCE /* LPMechanismcommentMechanismlistModel.m */,
				DCF5D9D0213FC1CE009F5DCE /* LPMechanismcommentDetailModel.h */,
				DCF5D9D1213FC1CE009F5DCE /* LPMechanismcommentDetailModel.m */,
			);
			path = Model;
			sourceTree = "<group>";
		};
		DCF5D9C1213FA592009F5DCE /* View */ = {
			isa = PBXGroup;
			children = (
				DCF5D9C2213FA5BD009F5DCE /* LPBusinessReviewCell.h */,
				DCF5D9C3213FA5BD009F5DCE /* LPBusinessReviewCell.m */,
				DCF5D9C4213FA5BD009F5DCE /* LPBusinessReviewCell.xib */,
			);
			path = View;
			sourceTree = "<group>";
		};
/* End PBXGroup section */

/* Begin PBXNativeTarget section */
		DC73831F2133E33E0055DC10 /* BlueHired */ = {
			isa = PBXNativeTarget;
			buildConfigurationList = DC73834C2133E3680055DC10 /* Build configuration list for PBXNativeTarget "BlueHired" */;
			buildPhases = (
				B6D0020080C04D67D0E77C48 /* [CP] Check Pods Manifest.lock */,
				DC73831C2133E33E0055DC10 /* Sources */,
				DC73831D2133E33E0055DC10 /* Frameworks */,
				DC73831E2133E33E0055DC10 /* Resources */,
				20C7C07DD64ACDEB20819A09 /* [CP] Copy Pods Resources */,
			);
			buildRules = (
			);
			dependencies = (
			);
			name = BlueHired;
			productName = BlueHired;
			productReference = DC7383202133E33E0055DC10 /* BlueHired.app */;
			productType = "com.apple.product-type.application";
		};
		DC7383372133E3680055DC10 /* BlueHiredTests */ = {
			isa = PBXNativeTarget;
			buildConfigurationList = DC73834F2133E3680055DC10 /* Build configuration list for PBXNativeTarget "BlueHiredTests" */;
			buildPhases = (
				612335D1F8ABFC339276EA87 /* [CP] Check Pods Manifest.lock */,
				DC7383342133E3680055DC10 /* Sources */,
				DC7383352133E3680055DC10 /* Frameworks */,
				DC7383362133E3680055DC10 /* Resources */,
			);
			buildRules = (
			);
			dependencies = (
				DC73833A2133E3680055DC10 /* PBXTargetDependency */,
			);
			name = BlueHiredTests;
			productName = BlueHiredTests;
			productReference = DC7383382133E3680055DC10 /* BlueHiredTests.xctest */;
			productType = "com.apple.product-type.bundle.unit-test";
		};
		DC7383422133E3680055DC10 /* BlueHiredUITests */ = {
			isa = PBXNativeTarget;
			buildConfigurationList = DC7383522133E3680055DC10 /* Build configuration list for PBXNativeTarget "BlueHiredUITests" */;
			buildPhases = (
				40B14BC0DFCE195C070E0CF0 /* [CP] Check Pods Manifest.lock */,
				DC73833F2133E3680055DC10 /* Sources */,
				DC7383402133E3680055DC10 /* Frameworks */,
				DC7383412133E3680055DC10 /* Resources */,
			);
			buildRules = (
			);
			dependencies = (
				DC7383452133E3680055DC10 /* PBXTargetDependency */,
			);
			name = BlueHiredUITests;
			productName = BlueHiredUITests;
			productReference = DC7383432133E3680055DC10 /* BlueHiredUITests.xctest */;
			productType = "com.apple.product-type.bundle.ui-testing";
		};
/* End PBXNativeTarget section */

/* Begin PBXProject section */
		DC7383182133E33E0055DC10 /* Project object */ = {
			isa = PBXProject;
			attributes = {
				CLASSPREFIX = LP;
				LastUpgradeCheck = 0940;
				ORGANIZATIONNAME = lanpin;
				TargetAttributes = {
					DC73831F2133E33E0055DC10 = {
						CreatedOnToolsVersion = 9.4.1;
					};
					DC7383372133E3680055DC10 = {
						CreatedOnToolsVersion = 9.4.1;
						TestTargetID = DC73831F2133E33E0055DC10;
					};
					DC7383422133E3680055DC10 = {
						CreatedOnToolsVersion = 9.4.1;
						TestTargetID = DC73831F2133E33E0055DC10;
					};
				};
			};
			buildConfigurationList = DC73831B2133E33E0055DC10 /* Build configuration list for PBXProject "BlueHired" */;
			compatibilityVersion = "Xcode 9.3";
			developmentRegion = en;
			hasScannedForEncodings = 0;
			knownRegions = (
				en,
				Base,
			);
			mainGroup = DC7383172133E33E0055DC10;
			productRefGroup = DC7383212133E33E0055DC10 /* Products */;
			projectDirPath = "";
			projectRoot = "";
			targets = (
				DC73831F2133E33E0055DC10 /* BlueHired */,
				DC7383372133E3680055DC10 /* BlueHiredTests */,
				DC7383422133E3680055DC10 /* BlueHiredUITests */,
			);
		};
/* End PBXProject section */

/* Begin PBXResourcesBuildPhase section */
		DC73831E2133E33E0055DC10 /* Resources */ = {
			isa = PBXResourcesBuildPhase;
			buildActionMask = 2147483647;
			files = (
				DC290F35213CDDEB00EC3FCC /* LPEssayDetailCommentReplyCell.xib in Resources */,
				DC7383882134DC200055DC10 /* LPMineCell.xib in Resources */,
				DC7383302133E3670055DC10 /* LaunchScreen.storyboard in Resources */,
				DC30E1B021394055000C7A91 /* LPWorkDetailTextCell.xib in Resources */,
				DC13BB5B213E5B6A00800955 /* LPCityCell.xib in Resources */,
				DC73832D2133E3670055DC10 /* Assets.xcassets in Resources */,
				DC290F30213CC55000EC3FCC /* LPEssayDetailCommentCell.xib in Resources */,
				DC44DBA921354E8500D00FAC /* LPInformationCollectionViewCell.xib in Resources */,
				DC30E1A621393BB0000C7A91 /* LPWorkDetailHeadCell.xib in Resources */,
				DC5C38952136682200B3CF6E /* LPCircleCollectionViewCell.xib in Resources */,
				DC73832B2133E33E0055DC10 /* Main.storyboard in Resources */,
				DC13BB52213E205A00800955 /* china_cities_v2.db in Resources */,
				DC49D86C213A74B3009BFCB0 /* LPEssayDetailHeadCell.xib in Resources */,
				DC7383A82134F6580055DC10 /* LPMainCell.xib in Resources */,
				DC5C389E213682F500B3CF6E /* LPCircleListCell.xib in Resources */,
				DCF5D9C6213FA5BD009F5DCE /* LPBusinessReviewCell.xib in Resources */,
				DC5C38852136372F00B3CF6E /* LPInformationSingleCell.xib in Resources */,
				DC5C388F213645E000B3CF6E /* LPInformationMoreImageCollectionViewCell.xib in Resources */,
				DC7A32D021379BCA00E09C6C /* LPMineCardCell.xib in Resources */,
				DC5C388A213640A300B3CF6E /* LPInformationMoreCell.xib in Resources */,
			);
			runOnlyForDeploymentPostprocessing = 0;
		};
		DC7383362133E3680055DC10 /* Resources */ = {
			isa = PBXResourcesBuildPhase;
			buildActionMask = 2147483647;
			files = (
			);
			runOnlyForDeploymentPostprocessing = 0;
		};
		DC7383412133E3680055DC10 /* Resources */ = {
			isa = PBXResourcesBuildPhase;
			buildActionMask = 2147483647;
			files = (
			);
			runOnlyForDeploymentPostprocessing = 0;
		};
/* End PBXResourcesBuildPhase section */

/* Begin PBXShellScriptBuildPhase section */
		20C7C07DD64ACDEB20819A09 /* [CP] Copy Pods Resources */ = {
			isa = PBXShellScriptBuildPhase;
			buildActionMask = 2147483647;
			files = (
			);
			inputPaths = (
				"${SRCROOT}/Pods/Target Support Files/Pods-BlueHired/Pods-BlueHired-resources.sh",
				"${PODS_ROOT}/IQKeyboardManager/IQKeyboardManager/Resources/IQKeyboardManager.bundle",
				"${PODS_ROOT}/MJRefresh/MJRefresh/MJRefresh.bundle",
			);
			name = "[CP] Copy Pods Resources";
			outputPaths = (
				"${TARGET_BUILD_DIR}/${UNLOCALIZED_RESOURCES_FOLDER_PATH}/IQKeyboardManager.bundle",
				"${TARGET_BUILD_DIR}/${UNLOCALIZED_RESOURCES_FOLDER_PATH}/MJRefresh.bundle",
			);
			runOnlyForDeploymentPostprocessing = 0;
			shellPath = /bin/sh;
			shellScript = "\"${SRCROOT}/Pods/Target Support Files/Pods-BlueHired/Pods-BlueHired-resources.sh\"\n";
			showEnvVarsInLog = 0;
		};
		40B14BC0DFCE195C070E0CF0 /* [CP] Check Pods Manifest.lock */ = {
			isa = PBXShellScriptBuildPhase;
			buildActionMask = 2147483647;
			files = (
			);
			inputPaths = (
				"${PODS_PODFILE_DIR_PATH}/Podfile.lock",
				"${PODS_ROOT}/Manifest.lock",
			);
			name = "[CP] Check Pods Manifest.lock";
			outputPaths = (
				"$(DERIVED_FILE_DIR)/Pods-BlueHiredUITests-checkManifestLockResult.txt",
			);
			runOnlyForDeploymentPostprocessing = 0;
			shellPath = /bin/sh;
			shellScript = "diff \"${PODS_PODFILE_DIR_PATH}/Podfile.lock\" \"${PODS_ROOT}/Manifest.lock\" > /dev/null\nif [ $? != 0 ] ; then\n    # print error to STDERR\n    echo \"error: The sandbox is not in sync with the Podfile.lock. Run 'pod install' or update your CocoaPods installation.\" >&2\n    exit 1\nfi\n# This output is used by Xcode 'outputs' to avoid re-running this script phase.\necho \"SUCCESS\" > \"${SCRIPT_OUTPUT_FILE_0}\"\n";
			showEnvVarsInLog = 0;
		};
		612335D1F8ABFC339276EA87 /* [CP] Check Pods Manifest.lock */ = {
			isa = PBXShellScriptBuildPhase;
			buildActionMask = 2147483647;
			files = (
			);
			inputPaths = (
				"${PODS_PODFILE_DIR_PATH}/Podfile.lock",
				"${PODS_ROOT}/Manifest.lock",
			);
			name = "[CP] Check Pods Manifest.lock";
			outputPaths = (
				"$(DERIVED_FILE_DIR)/Pods-BlueHiredTests-checkManifestLockResult.txt",
			);
			runOnlyForDeploymentPostprocessing = 0;
			shellPath = /bin/sh;
			shellScript = "diff \"${PODS_PODFILE_DIR_PATH}/Podfile.lock\" \"${PODS_ROOT}/Manifest.lock\" > /dev/null\nif [ $? != 0 ] ; then\n    # print error to STDERR\n    echo \"error: The sandbox is not in sync with the Podfile.lock. Run 'pod install' or update your CocoaPods installation.\" >&2\n    exit 1\nfi\n# This output is used by Xcode 'outputs' to avoid re-running this script phase.\necho \"SUCCESS\" > \"${SCRIPT_OUTPUT_FILE_0}\"\n";
			showEnvVarsInLog = 0;
		};
		B6D0020080C04D67D0E77C48 /* [CP] Check Pods Manifest.lock */ = {
			isa = PBXShellScriptBuildPhase;
			buildActionMask = 2147483647;
			files = (
			);
			inputPaths = (
				"${PODS_PODFILE_DIR_PATH}/Podfile.lock",
				"${PODS_ROOT}/Manifest.lock",
			);
			name = "[CP] Check Pods Manifest.lock";
			outputPaths = (
				"$(DERIVED_FILE_DIR)/Pods-BlueHired-checkManifestLockResult.txt",
			);
			runOnlyForDeploymentPostprocessing = 0;
			shellPath = /bin/sh;
			shellScript = "diff \"${PODS_PODFILE_DIR_PATH}/Podfile.lock\" \"${PODS_ROOT}/Manifest.lock\" > /dev/null\nif [ $? != 0 ] ; then\n    # print error to STDERR\n    echo \"error: The sandbox is not in sync with the Podfile.lock. Run 'pod install' or update your CocoaPods installation.\" >&2\n    exit 1\nfi\n# This output is used by Xcode 'outputs' to avoid re-running this script phase.\necho \"SUCCESS\" > \"${SCRIPT_OUTPUT_FILE_0}\"\n";
			showEnvVarsInLog = 0;
		};
/* End PBXShellScriptBuildPhase section */

/* Begin PBXSourcesBuildPhase section */
		DC73831C2133E33E0055DC10 /* Sources */ = {
			isa = PBXSourcesBuildPhase;
			buildActionMask = 2147483647;
			files = (
				DC290F3B213D31D400EC3FCC /* GJAlert2.m in Sources */,
				DC5C38842136372F00B3CF6E /* LPInformationSingleCell.m in Sources */,
				DC7383962134E95E0055DC10 /* MoninNet.m in Sources */,
				DC7383942134E95E0055DC10 /* NetRequestEnty.m in Sources */,
				DC30E1952138F51B000C7A91 /* LPInformationSearchVC.m in Sources */,
				DC44DBA321354D6A00D00FAC /* DeviceUtils.m in Sources */,
				DC7A32DB2137DADD00E09C6C /* UIViewController+BackItem.m in Sources */,
				DC5C388E213645E000B3CF6E /* LPInformationMoreImageCollectionViewCell.m in Sources */,
				DCF5D9C9213FB4D1009F5DCE /* LPBusinessReviewSearchVC.m in Sources */,
				DC49D867213A6BB2009BFCB0 /* LPEssayDetailVC.m in Sources */,
				DC44DBA821354E8500D00FAC /* LPInformationCollectionViewCell.m in Sources */,
				DC17FE2D213A9A9100635F05 /* LPCommentListModel.m in Sources */,
				DCF5D9D2213FC1CE009F5DCE /* LPMechanismcommentDetailModel.m in Sources */,
				DC7383612133EB2A0055DC10 /* LPMainVC.m in Sources */,
				DC73839F2134EBC10055DC10 /* LPUserDefaults.m in Sources */,
				DC7A32E42138074900E09C6C /* LPSetVC.m in Sources */,
				DC7A32CF21379BCA00E09C6C /* LPMineCardCell.m in Sources */,
				DC30E1A521393BB0000C7A91 /* LPWorkDetailHeadCell.m in Sources */,
				DC73838221341EBD0055DC10 /* LPSearchBar.m in Sources */,
				DC30E1A121393255000C7A91 /* LPWorkDetailModel.m in Sources */,
				DC7383792133EE800055DC10 /* LPTabBarViewController.m in Sources */,
				DC7A32D52137C2EC00E09C6C /* LPLoginVC.m in Sources */,
				DC30E1922138E622000C7A91 /* LPMainSearchVC.m in Sources */,
				DC13BB4D213E1C3B00800955 /* LPCityModel.m in Sources */,
				DC5C38A421369B9B00B3CF6E /* NSString+String.m in Sources */,
				DC49D86F213A7751009BFCB0 /* LPEssayDetailModel.m in Sources */,
				DC13BB50213E1FD100800955 /* LPCityDataManager.m in Sources */,
				DC44DB9C21352B8000D00FAC /* LPNoDataView.m in Sources */,
				DC30E19B21391DAD000C7A91 /* LPInformationSearchResultVC.m in Sources */,
				DC229582214106D10002A095 /* LPIsApplyOrIsCollectionModel.m in Sources */,
				DC7A32E7213812E200E09C6C /* LPSortAlertView.m in Sources */,
				DC30E19E21392E23000C7A91 /* LPWorkDetailVC.m in Sources */,
				DC7A32D82137D7E200E09C6C /* LPRegisteredVC.m in Sources */,
				DC13BB5A213E5B6A00800955 /* LPCityCell.m in Sources */,
				DC73836D2133EC1B0055DC10 /* LPInformationVC.m in Sources */,
				DC7383982134E95E0055DC10 /* NetApiManager.m in Sources */,
				DC7383872134DC200055DC10 /* LPMineCell.m in Sources */,
				DC290F2F213CC55000EC3FCC /* LPEssayDetailCommentCell.m in Sources */,
				DC5C389921366D1A00B3CF6E /* LPMoodTypeModel.m in Sources */,
				DC44DB99213526C600D00FAC /* UIImage+Image.m in Sources */,
				DC290F34213CDDEB00EC3FCC /* LPEssayDetailCommentReplyCell.m in Sources */,
				DC73837D2133F1110055DC10 /* UIColor+Color.m in Sources */,
				DC7A32DE2137E61100E09C6C /* LPForgetPassWordVC.m in Sources */,
				DC49D86B213A74B3009BFCB0 /* LPEssayDetailHeadCell.m in Sources */,
				DCF5D9CF213FB7D9009F5DCE /* LPBusinessReviewDetailVC.m in Sources */,
				DC7383282133E33E0055DC10 /* ViewController.m in Sources */,
				DC44DB9621351F6D00D00FAC /* NullSafe.m in Sources */,
				DC13BB5E213EA10200800955 /* LPMechanismlistModel.m in Sources */,
				DC7383A72134F6580055DC10 /* LPMainCell.m in Sources */,
				DC30E1AF21394055000C7A91 /* LPWorkDetailTextCell.m in Sources */,
				DC7A32E12137E99300E09C6C /* LoginUtils.m in Sources */,
				DC7383972134E95E0055DC10 /* NetRequestManager.m in Sources */,
				DC5C3889213640A300B3CF6E /* LPInformationMoreCell.m in Sources */,
				DC7383952134E95E0055DC10 /* NetInstance.m in Sources */,
				DC7383AC2134F7B50055DC10 /* LPWorklistModel.m in Sources */,
				DC5C389D213682F500B3CF6E /* LPCircleListCell.m in Sources */,
				DC7383712133EC320055DC10 /* LPMineVC.m in Sources */,
				DCF5D9C5213FA5BD009F5DCE /* LPBusinessReviewCell.m in Sources */,
				DC13BB55213E23CF00800955 /* LPSelectCityVC.m in Sources */,
				DC5C38942136682200B3CF6E /* LPCircleCollectionViewCell.m in Sources */,
				DC7383A22134EF300055DC10 /* UIView+MBProgressHUD.m in Sources */,
				DC30E18F2138D9CB000C7A91 /* LPScreenAlertView.m in Sources */,
				DC30E19821391303000C7A91 /* LPMainSearchResultVC.m in Sources */,
				DCF5D9C0213FA395009F5DCE /* LPMechanismcommentMechanismlistModel.m in Sources */,
				DCF5D9BC213F892D009F5DCE /* LPBusinessReviewVC.m in Sources */,
				DCF5D9CC213FB5CF009F5DCE /* LPBusinessReviewSearchResultVC.m in Sources */,
				DC5C38A1213690C000B3CF6E /* LPMoodListModel.m in Sources */,
				DC44DBA021353D5800D00FAC /* LPLabelListModel.m in Sources */,
				DC7383332133E3670055DC10 /* main.m in Sources */,
				DC7383252133E33E0055DC10 /* AppDelegate.m in Sources */,
				DC290F38213D0AA300EC3FCC /* LPCommentDetailVC.m in Sources */,
				DC73836A2133EC040055DC10 /* LPCircleVC.m in Sources */,
				DC73835A2133EAD30055DC10 /* LPBaseViewController.m in Sources */,
				DC73839B2134EAEF0055DC10 /* UIWindow+Window.m in Sources */,
				DC5C388021362EB300B3CF6E /* LPEssaylistModel.m in Sources */,
				DC22957F2140BBE70002A095 /* LPUserMaterialModel.m in Sources */,
			);
			runOnlyForDeploymentPostprocessing = 0;
		};
		DC7383342133E3680055DC10 /* Sources */ = {
			isa = PBXSourcesBuildPhase;
			buildActionMask = 2147483647;
			files = (
				DC73833D2133E3680055DC10 /* BlueHiredTests.m in Sources */,
			);
			runOnlyForDeploymentPostprocessing = 0;
		};
		DC73833F2133E3680055DC10 /* Sources */ = {
			isa = PBXSourcesBuildPhase;
			buildActionMask = 2147483647;
			files = (
				DC7383482133E3680055DC10 /* BlueHiredUITests.m in Sources */,
			);
			runOnlyForDeploymentPostprocessing = 0;
		};
/* End PBXSourcesBuildPhase section */

/* Begin PBXTargetDependency section */
		DC73833A2133E3680055DC10 /* PBXTargetDependency */ = {
			isa = PBXTargetDependency;
			target = DC73831F2133E33E0055DC10 /* BlueHired */;
			targetProxy = DC7383392133E3680055DC10 /* PBXContainerItemProxy */;
		};
		DC7383452133E3680055DC10 /* PBXTargetDependency */ = {
			isa = PBXTargetDependency;
			target = DC73831F2133E33E0055DC10 /* BlueHired */;
			targetProxy = DC7383442133E3680055DC10 /* PBXContainerItemProxy */;
		};
/* End PBXTargetDependency section */

/* Begin PBXVariantGroup section */
		DC7383292133E33E0055DC10 /* Main.storyboard */ = {
			isa = PBXVariantGroup;
			children = (
				DC73832A2133E33E0055DC10 /* Base */,
			);
			name = Main.storyboard;
			sourceTree = "<group>";
		};
		DC73832E2133E3670055DC10 /* LaunchScreen.storyboard */ = {
			isa = PBXVariantGroup;
			children = (
				DC73832F2133E3670055DC10 /* Base */,
			);
			name = LaunchScreen.storyboard;
			sourceTree = "<group>";
		};
/* End PBXVariantGroup section */

/* Begin XCBuildConfiguration section */
		DC73834A2133E3680055DC10 /* Debug */ = {
			isa = XCBuildConfiguration;
			buildSettings = {
				ALWAYS_SEARCH_USER_PATHS = NO;
				CLANG_ANALYZER_NONNULL = YES;
				CLANG_ANALYZER_NUMBER_OBJECT_CONVERSION = YES_AGGRESSIVE;
				CLANG_CXX_LANGUAGE_STANDARD = "gnu++14";
				CLANG_CXX_LIBRARY = "libc++";
				CLANG_ENABLE_MODULES = YES;
				CLANG_ENABLE_OBJC_ARC = YES;
				CLANG_ENABLE_OBJC_WEAK = YES;
				CLANG_WARN_BLOCK_CAPTURE_AUTORELEASING = YES;
				CLANG_WARN_BOOL_CONVERSION = YES;
				CLANG_WARN_COMMA = YES;
				CLANG_WARN_CONSTANT_CONVERSION = YES;
				CLANG_WARN_DEPRECATED_OBJC_IMPLEMENTATIONS = YES;
				CLANG_WARN_DIRECT_OBJC_ISA_USAGE = YES_ERROR;
				CLANG_WARN_DOCUMENTATION_COMMENTS = YES;
				CLANG_WARN_EMPTY_BODY = YES;
				CLANG_WARN_ENUM_CONVERSION = YES;
				CLANG_WARN_INFINITE_RECURSION = YES;
				CLANG_WARN_INT_CONVERSION = YES;
				CLANG_WARN_NON_LITERAL_NULL_CONVERSION = YES;
				CLANG_WARN_OBJC_IMPLICIT_RETAIN_SELF = YES;
				CLANG_WARN_OBJC_LITERAL_CONVERSION = YES;
				CLANG_WARN_OBJC_ROOT_CLASS = YES_ERROR;
				CLANG_WARN_RANGE_LOOP_ANALYSIS = YES;
				CLANG_WARN_STRICT_PROTOTYPES = YES;
				CLANG_WARN_SUSPICIOUS_MOVE = YES;
				CLANG_WARN_UNGUARDED_AVAILABILITY = YES_AGGRESSIVE;
				CLANG_WARN_UNREACHABLE_CODE = YES;
				CLANG_WARN__DUPLICATE_METHOD_MATCH = YES;
				CODE_SIGN_IDENTITY = "iPhone Developer";
				COPY_PHASE_STRIP = NO;
				DEBUG_INFORMATION_FORMAT = dwarf;
				ENABLE_STRICT_OBJC_MSGSEND = YES;
				ENABLE_TESTABILITY = YES;
				GCC_C_LANGUAGE_STANDARD = gnu11;
				GCC_DYNAMIC_NO_PIC = NO;
				GCC_NO_COMMON_BLOCKS = YES;
				GCC_OPTIMIZATION_LEVEL = 0;
				GCC_PREPROCESSOR_DEFINITIONS = (
					"DEBUG=1",
					"$(inherited)",
				);
				GCC_WARN_64_TO_32_BIT_CONVERSION = YES;
				GCC_WARN_ABOUT_RETURN_TYPE = YES_ERROR;
				GCC_WARN_UNDECLARED_SELECTOR = YES;
				GCC_WARN_UNINITIALIZED_AUTOS = YES_AGGRESSIVE;
				GCC_WARN_UNUSED_FUNCTION = YES;
				GCC_WARN_UNUSED_VARIABLE = YES;
				IPHONEOS_DEPLOYMENT_TARGET = 11.4;
				MTL_ENABLE_DEBUG_INFO = YES;
				ONLY_ACTIVE_ARCH = YES;
				SDKROOT = iphoneos;
			};
			name = Debug;
		};
		DC73834B2133E3680055DC10 /* Release */ = {
			isa = XCBuildConfiguration;
			buildSettings = {
				ALWAYS_SEARCH_USER_PATHS = NO;
				CLANG_ANALYZER_NONNULL = YES;
				CLANG_ANALYZER_NUMBER_OBJECT_CONVERSION = YES_AGGRESSIVE;
				CLANG_CXX_LANGUAGE_STANDARD = "gnu++14";
				CLANG_CXX_LIBRARY = "libc++";
				CLANG_ENABLE_MODULES = YES;
				CLANG_ENABLE_OBJC_ARC = YES;
				CLANG_ENABLE_OBJC_WEAK = YES;
				CLANG_WARN_BLOCK_CAPTURE_AUTORELEASING = YES;
				CLANG_WARN_BOOL_CONVERSION = YES;
				CLANG_WARN_COMMA = YES;
				CLANG_WARN_CONSTANT_CONVERSION = YES;
				CLANG_WARN_DEPRECATED_OBJC_IMPLEMENTATIONS = YES;
				CLANG_WARN_DIRECT_OBJC_ISA_USAGE = YES_ERROR;
				CLANG_WARN_DOCUMENTATION_COMMENTS = YES;
				CLANG_WARN_EMPTY_BODY = YES;
				CLANG_WARN_ENUM_CONVERSION = YES;
				CLANG_WARN_INFINITE_RECURSION = YES;
				CLANG_WARN_INT_CONVERSION = YES;
				CLANG_WARN_NON_LITERAL_NULL_CONVERSION = YES;
				CLANG_WARN_OBJC_IMPLICIT_RETAIN_SELF = YES;
				CLANG_WARN_OBJC_LITERAL_CONVERSION = YES;
				CLANG_WARN_OBJC_ROOT_CLASS = YES_ERROR;
				CLANG_WARN_RANGE_LOOP_ANALYSIS = YES;
				CLANG_WARN_STRICT_PROTOTYPES = YES;
				CLANG_WARN_SUSPICIOUS_MOVE = YES;
				CLANG_WARN_UNGUARDED_AVAILABILITY = YES_AGGRESSIVE;
				CLANG_WARN_UNREACHABLE_CODE = YES;
				CLANG_WARN__DUPLICATE_METHOD_MATCH = YES;
				CODE_SIGN_IDENTITY = "iPhone Developer";
				COPY_PHASE_STRIP = NO;
				DEBUG_INFORMATION_FORMAT = "dwarf-with-dsym";
				ENABLE_NS_ASSERTIONS = NO;
				ENABLE_STRICT_OBJC_MSGSEND = YES;
				GCC_C_LANGUAGE_STANDARD = gnu11;
				GCC_NO_COMMON_BLOCKS = YES;
				GCC_WARN_64_TO_32_BIT_CONVERSION = YES;
				GCC_WARN_ABOUT_RETURN_TYPE = YES_ERROR;
				GCC_WARN_UNDECLARED_SELECTOR = YES;
				GCC_WARN_UNINITIALIZED_AUTOS = YES_AGGRESSIVE;
				GCC_WARN_UNUSED_FUNCTION = YES;
				GCC_WARN_UNUSED_VARIABLE = YES;
				IPHONEOS_DEPLOYMENT_TARGET = 11.4;
				MTL_ENABLE_DEBUG_INFO = NO;
				SDKROOT = iphoneos;
				VALIDATE_PRODUCT = YES;
			};
			name = Release;
		};
		DC73834D2133E3680055DC10 /* Debug */ = {
			isa = XCBuildConfiguration;
			baseConfigurationReference = 4FD02EE4915B3B8981F023F1 /* Pods-BlueHired.debug.xcconfig */;
			buildSettings = {
				ASSETCATALOG_COMPILER_APPICON_NAME = AppIcon;
				CODE_SIGN_STYLE = Automatic;
				GCC_PREFIX_HEADER = "$(SRCROOT)/BlueHired/Class/MacroPch/LPPrefixHeader.pch";
				INFOPLIST_FILE = BlueHired/Info.plist;
				LD_RUNPATH_SEARCH_PATHS = (
					"$(inherited)",
					"@executable_path/Frameworks",
				);
				PRODUCT_BUNDLE_IDENTIFIER = com.lanpin.BlueHired;
				PRODUCT_NAME = "$(TARGET_NAME)";
				TARGETED_DEVICE_FAMILY = "1,2";
			};
			name = Debug;
		};
		DC73834E2133E3680055DC10 /* Release */ = {
			isa = XCBuildConfiguration;
			baseConfigurationReference = 992D1B12C5F757999ACD5D40 /* Pods-BlueHired.release.xcconfig */;
			buildSettings = {
				ASSETCATALOG_COMPILER_APPICON_NAME = AppIcon;
				CODE_SIGN_STYLE = Automatic;
				GCC_PREFIX_HEADER = "$(SRCROOT)/BlueHired/Class/MacroPch/LPPrefixHeader.pch";
				INFOPLIST_FILE = BlueHired/Info.plist;
				LD_RUNPATH_SEARCH_PATHS = (
					"$(inherited)",
					"@executable_path/Frameworks",
				);
				PRODUCT_BUNDLE_IDENTIFIER = com.lanpin.BlueHired;
				PRODUCT_NAME = "$(TARGET_NAME)";
				TARGETED_DEVICE_FAMILY = "1,2";
			};
			name = Release;
		};
		DC7383502133E3680055DC10 /* Debug */ = {
			isa = XCBuildConfiguration;
			baseConfigurationReference = 92E3EB858257F39A6762B321 /* Pods-BlueHiredTests.debug.xcconfig */;
			buildSettings = {
				BUNDLE_LOADER = "$(TEST_HOST)";
				CODE_SIGN_STYLE = Automatic;
				INFOPLIST_FILE = BlueHiredTests/Info.plist;
				LD_RUNPATH_SEARCH_PATHS = (
					"$(inherited)",
					"@executable_path/Frameworks",
					"@loader_path/Frameworks",
				);
				PRODUCT_BUNDLE_IDENTIFIER = lanpin.BlueHiredTests;
				PRODUCT_NAME = "$(TARGET_NAME)";
				TARGETED_DEVICE_FAMILY = "1,2";
				TEST_HOST = "$(BUILT_PRODUCTS_DIR)/BlueHired.app/BlueHired";
			};
			name = Debug;
		};
		DC7383512133E3680055DC10 /* Release */ = {
			isa = XCBuildConfiguration;
			baseConfigurationReference = E94B224D8D8E2D47E74AC9DB /* Pods-BlueHiredTests.release.xcconfig */;
			buildSettings = {
				BUNDLE_LOADER = "$(TEST_HOST)";
				CODE_SIGN_STYLE = Automatic;
				INFOPLIST_FILE = BlueHiredTests/Info.plist;
				LD_RUNPATH_SEARCH_PATHS = (
					"$(inherited)",
					"@executable_path/Frameworks",
					"@loader_path/Frameworks",
				);
				PRODUCT_BUNDLE_IDENTIFIER = lanpin.BlueHiredTests;
				PRODUCT_NAME = "$(TARGET_NAME)";
				TARGETED_DEVICE_FAMILY = "1,2";
				TEST_HOST = "$(BUILT_PRODUCTS_DIR)/BlueHired.app/BlueHired";
			};
			name = Release;
		};
		DC7383532133E3680055DC10 /* Debug */ = {
			isa = XCBuildConfiguration;
			baseConfigurationReference = 0B5AEFAB0E6764927C17DDE2 /* Pods-BlueHiredUITests.debug.xcconfig */;
			buildSettings = {
				CODE_SIGN_STYLE = Automatic;
				INFOPLIST_FILE = BlueHiredUITests/Info.plist;
				LD_RUNPATH_SEARCH_PATHS = (
					"$(inherited)",
					"@executable_path/Frameworks",
					"@loader_path/Frameworks",
				);
				PRODUCT_BUNDLE_IDENTIFIER = lanpin.BlueHiredUITests;
				PRODUCT_NAME = "$(TARGET_NAME)";
				TARGETED_DEVICE_FAMILY = "1,2";
				TEST_TARGET_NAME = BlueHired;
			};
			name = Debug;
		};
		DC7383542133E3680055DC10 /* Release */ = {
			isa = XCBuildConfiguration;
			baseConfigurationReference = BBC93F1DC28C278E85E3A307 /* Pods-BlueHiredUITests.release.xcconfig */;
			buildSettings = {
				CODE_SIGN_STYLE = Automatic;
				INFOPLIST_FILE = BlueHiredUITests/Info.plist;
				LD_RUNPATH_SEARCH_PATHS = (
					"$(inherited)",
					"@executable_path/Frameworks",
					"@loader_path/Frameworks",
				);
				PRODUCT_BUNDLE_IDENTIFIER = lanpin.BlueHiredUITests;
				PRODUCT_NAME = "$(TARGET_NAME)";
				TARGETED_DEVICE_FAMILY = "1,2";
				TEST_TARGET_NAME = BlueHired;
			};
			name = Release;
		};
/* End XCBuildConfiguration section */

/* Begin XCConfigurationList section */
		DC73831B2133E33E0055DC10 /* Build configuration list for PBXProject "BlueHired" */ = {
			isa = XCConfigurationList;
			buildConfigurations = (
				DC73834A2133E3680055DC10 /* Debug */,
				DC73834B2133E3680055DC10 /* Release */,
			);
			defaultConfigurationIsVisible = 0;
			defaultConfigurationName = Release;
		};
		DC73834C2133E3680055DC10 /* Build configuration list for PBXNativeTarget "BlueHired" */ = {
			isa = XCConfigurationList;
			buildConfigurations = (
				DC73834D2133E3680055DC10 /* Debug */,
				DC73834E2133E3680055DC10 /* Release */,
			);
			defaultConfigurationIsVisible = 0;
			defaultConfigurationName = Release;
		};
		DC73834F2133E3680055DC10 /* Build configuration list for PBXNativeTarget "BlueHiredTests" */ = {
			isa = XCConfigurationList;
			buildConfigurations = (
				DC7383502133E3680055DC10 /* Debug */,
				DC7383512133E3680055DC10 /* Release */,
			);
			defaultConfigurationIsVisible = 0;
			defaultConfigurationName = Release;
		};
		DC7383522133E3680055DC10 /* Build configuration list for PBXNativeTarget "BlueHiredUITests" */ = {
			isa = XCConfigurationList;
			buildConfigurations = (
				DC7383532133E3680055DC10 /* Debug */,
				DC7383542133E3680055DC10 /* Release */,
			);
			defaultConfigurationIsVisible = 0;
			defaultConfigurationName = Release;
		};
/* End XCConfigurationList section */
	};
	rootObject = DC7383182133E33E0055DC10 /* Project object */;
}
