// !$*UTF8*$!
{
	archiveVersion = 1;
	classes = {
	};
	objectVersion = 50;
	objects = {

/* Begin PBXBuildFile section */
		39138DA4778A75826AAD22ED /* libPods-BlueHiredUITests.a in Frameworks */ = {isa = PBXBuildFile; fileRef = 82479EF595BD37AB322E0AA9 /* libPods-BlueHiredUITests.a */; };
		BE82CAE860C97254269F44AD /* libPods-BlueHired.a in Frameworks */ = {isa = PBXBuildFile; fileRef = DCB5A5321875E124A6C52C8B /* libPods-BlueHired.a */; };
		DC44DB9621351F6D00D00FAC /* NullSafe.m in Sources */ = {isa = PBXBuildFile; fileRef = DC44DB9521351F6D00D00FAC /* NullSafe.m */; };
		DC44DB99213526C600D00FAC /* UIImage+Image.m in Sources */ = {isa = PBXBuildFile; fileRef = DC44DB98213526C600D00FAC /* UIImage+Image.m */; };
		DC44DB9C21352B8000D00FAC /* LPNoDataView.m in Sources */ = {isa = PBXBuildFile; fileRef = DC44DB9B21352B8000D00FAC /* LPNoDataView.m */; };
		DC7383252133E33E0055DC10 /* AppDelegate.m in Sources */ = {isa = PBXBuildFile; fileRef = DC7383242133E33E0055DC10 /* AppDelegate.m */; };
		DC7383282133E33E0055DC10 /* ViewController.m in Sources */ = {isa = PBXBuildFile; fileRef = DC7383272133E33E0055DC10 /* ViewController.m */; };
		DC73832B2133E33E0055DC10 /* Main.storyboard in Resources */ = {isa = PBXBuildFile; fileRef = DC7383292133E33E0055DC10 /* Main.storyboard */; };
		DC73832D2133E3670055DC10 /* Assets.xcassets in Resources */ = {isa = PBXBuildFile; fileRef = DC73832C2133E3670055DC10 /* Assets.xcassets */; };
		DC7383302133E3670055DC10 /* LaunchScreen.storyboard in Resources */ = {isa = PBXBuildFile; fileRef = DC73832E2133E3670055DC10 /* LaunchScreen.storyboard */; };
		DC7383332133E3670055DC10 /* main.m in Sources */ = {isa = PBXBuildFile; fileRef = DC7383322133E3670055DC10 /* main.m */; };
		DC73833D2133E3680055DC10 /* BlueHiredTests.m in Sources */ = {isa = PBXBuildFile; fileRef = DC73833C2133E3680055DC10 /* BlueHiredTests.m */; };
		DC7383482133E3680055DC10 /* BlueHiredUITests.m in Sources */ = {isa = PBXBuildFile; fileRef = DC7383472133E3680055DC10 /* BlueHiredUITests.m */; };
		DC73835A2133EAD30055DC10 /* LPBaseViewController.m in Sources */ = {isa = PBXBuildFile; fileRef = DC7383592133EAD30055DC10 /* LPBaseViewController.m */; };
		DC7383612133EB2A0055DC10 /* LPMainVC.m in Sources */ = {isa = PBXBuildFile; fileRef = DC7383602133EB2A0055DC10 /* LPMainVC.m */; };
		DC73836A2133EC040055DC10 /* LPCircleVC.m in Sources */ = {isa = PBXBuildFile; fileRef = DC7383692133EC040055DC10 /* LPCircleVC.m */; };
		DC73836D2133EC1B0055DC10 /* LPInformationVC.m in Sources */ = {isa = PBXBuildFile; fileRef = DC73836C2133EC1B0055DC10 /* LPInformationVC.m */; };
		DC7383712133EC320055DC10 /* LPMineVC.m in Sources */ = {isa = PBXBuildFile; fileRef = DC7383702133EC320055DC10 /* LPMineVC.m */; };
		DC7383792133EE800055DC10 /* LPTabBarViewController.m in Sources */ = {isa = PBXBuildFile; fileRef = DC7383782133EE800055DC10 /* LPTabBarViewController.m */; };
		DC73837D2133F1110055DC10 /* UIColor+Color.m in Sources */ = {isa = PBXBuildFile; fileRef = DC73837C2133F1110055DC10 /* UIColor+Color.m */; };
		DC73838221341EBD0055DC10 /* LPSearchBar.m in Sources */ = {isa = PBXBuildFile; fileRef = DC73838121341EBD0055DC10 /* LPSearchBar.m */; };
		DC7383872134DC200055DC10 /* LPMineCell.m in Sources */ = {isa = PBXBuildFile; fileRef = DC7383852134DC200055DC10 /* LPMineCell.m */; };
		DC7383882134DC200055DC10 /* LPMineCell.xib in Resources */ = {isa = PBXBuildFile; fileRef = DC7383862134DC200055DC10 /* LPMineCell.xib */; };
		DC7383942134E95E0055DC10 /* NetRequestEnty.m in Sources */ = {isa = PBXBuildFile; fileRef = DC73838A2134E95C0055DC10 /* NetRequestEnty.m */; };
		DC7383952134E95E0055DC10 /* NetInstance.m in Sources */ = {isa = PBXBuildFile; fileRef = DC73838D2134E95D0055DC10 /* NetInstance.m */; };
		DC7383962134E95E0055DC10 /* MoninNet.m in Sources */ = {isa = PBXBuildFile; fileRef = DC73838E2134E95D0055DC10 /* MoninNet.m */; };
		DC7383972134E95E0055DC10 /* NetRequestManager.m in Sources */ = {isa = PBXBuildFile; fileRef = DC7383922134E95E0055DC10 /* NetRequestManager.m */; };
		DC7383982134E95E0055DC10 /* NetApiManager.m in Sources */ = {isa = PBXBuildFile; fileRef = DC7383932134E95E0055DC10 /* NetApiManager.m */; };
		DC73839B2134EAEF0055DC10 /* UIWindow+Window.m in Sources */ = {isa = PBXBuildFile; fileRef = DC73839A2134EAEF0055DC10 /* UIWindow+Window.m */; };
		DC73839F2134EBC10055DC10 /* LPUserDefaults.m in Sources */ = {isa = PBXBuildFile; fileRef = DC73839E2134EBC10055DC10 /* LPUserDefaults.m */; };
		DC7383A22134EF300055DC10 /* UIView+MBProgressHUD.m in Sources */ = {isa = PBXBuildFile; fileRef = DC7383A12134EF300055DC10 /* UIView+MBProgressHUD.m */; };
		DC7383A72134F6580055DC10 /* LPMainCell.m in Sources */ = {isa = PBXBuildFile; fileRef = DC7383A52134F6580055DC10 /* LPMainCell.m */; };
		DC7383A82134F6580055DC10 /* LPMainCell.xib in Resources */ = {isa = PBXBuildFile; fileRef = DC7383A62134F6580055DC10 /* LPMainCell.xib */; };
		DC7383AC2134F7B50055DC10 /* LPWorklistModel.m in Sources */ = {isa = PBXBuildFile; fileRef = DC7383AB2134F7B50055DC10 /* LPWorklistModel.m */; };
		DD9C491243746BE284EDF63A /* libPods-BlueHiredTests.a in Frameworks */ = {isa = PBXBuildFile; fileRef = F2990BA484C987BEAA6D77E9 /* libPods-BlueHiredTests.a */; };
/* End PBXBuildFile section */

/* Begin PBXContainerItemProxy section */
		DC7383392133E3680055DC10 /* PBXContainerItemProxy */ = {
			isa = PBXContainerItemProxy;
			containerPortal = DC7383182133E33E0055DC10 /* Project object */;
			proxyType = 1;
			remoteGlobalIDString = DC73831F2133E33E0055DC10;
			remoteInfo = BlueHired;
		};
		DC7383442133E3680055DC10 /* PBXContainerItemProxy */ = {
			isa = PBXContainerItemProxy;
			containerPortal = DC7383182133E33E0055DC10 /* Project object */;
			proxyType = 1;
			remoteGlobalIDString = DC73831F2133E33E0055DC10;
			remoteInfo = BlueHired;
		};
/* End PBXContainerItemProxy section */

/* Begin PBXFileReference section */
		0B5AEFAB0E6764927C17DDE2 /* Pods-BlueHiredUITests.debug.xcconfig */ = {isa = PBXFileReference; includeInIndex = 1; lastKnownFileType = text.xcconfig; name = "Pods-BlueHiredUITests.debug.xcconfig"; path = "Pods/Target Support Files/Pods-BlueHiredUITests/Pods-BlueHiredUITests.debug.xcconfig"; sourceTree = "<group>"; };
		4FD02EE4915B3B8981F023F1 /* Pods-BlueHired.debug.xcconfig */ = {isa = PBXFileReference; includeInIndex = 1; lastKnownFileType = text.xcconfig; name = "Pods-BlueHired.debug.xcconfig"; path = "Pods/Target Support Files/Pods-BlueHired/Pods-BlueHired.debug.xcconfig"; sourceTree = "<group>"; };
		82479EF595BD37AB322E0AA9 /* libPods-BlueHiredUITests.a */ = {isa = PBXFileReference; explicitFileType = archive.ar; includeInIndex = 0; path = "libPods-BlueHiredUITests.a"; sourceTree = BUILT_PRODUCTS_DIR; };
		92E3EB858257F39A6762B321 /* Pods-BlueHiredTests.debug.xcconfig */ = {isa = PBXFileReference; includeInIndex = 1; lastKnownFileType = text.xcconfig; name = "Pods-BlueHiredTests.debug.xcconfig"; path = "Pods/Target Support Files/Pods-BlueHiredTests/Pods-BlueHiredTests.debug.xcconfig"; sourceTree = "<group>"; };
		992D1B12C5F757999ACD5D40 /* Pods-BlueHired.release.xcconfig */ = {isa = PBXFileReference; includeInIndex = 1; lastKnownFileType = text.xcconfig; name = "Pods-BlueHired.release.xcconfig"; path = "Pods/Target Support Files/Pods-BlueHired/Pods-BlueHired.release.xcconfig"; sourceTree = "<group>"; };
		BBC93F1DC28C278E85E3A307 /* Pods-BlueHiredUITests.release.xcconfig */ = {isa = PBXFileReference; includeInIndex = 1; lastKnownFileType = text.xcconfig; name = "Pods-BlueHiredUITests.release.xcconfig"; path = "Pods/Target Support Files/Pods-BlueHiredUITests/Pods-BlueHiredUITests.release.xcconfig"; sourceTree = "<group>"; };
		DC44DB9521351F6D00D00FAC /* NullSafe.m */ = {isa = PBXFileReference; fileEncoding = 4; lastKnownFileType = sourcecode.c.objc; path = NullSafe.m; sourceTree = "<group>"; };
		DC44DB97213526C600D00FAC /* UIImage+Image.h */ = {isa = PBXFileReference; fileEncoding = 4; lastKnownFileType = sourcecode.c.h; path = "UIImage+Image.h"; sourceTree = "<group>"; };
		DC44DB98213526C600D00FAC /* UIImage+Image.m */ = {isa = PBXFileReference; fileEncoding = 4; lastKnownFileType = sourcecode.c.objc; path = "UIImage+Image.m"; sourceTree = "<group>"; };
		DC44DB9A21352B8000D00FAC /* LPNoDataView.h */ = {isa = PBXFileReference; lastKnownFileType = sourcecode.c.h; path = LPNoDataView.h; sourceTree = "<group>"; };
		DC44DB9B21352B8000D00FAC /* LPNoDataView.m */ = {isa = PBXFileReference; lastKnownFileType = sourcecode.c.objc; path = LPNoDataView.m; sourceTree = "<group>"; };
		DC7383202133E33E0055DC10 /* BlueHired.app */ = {isa = PBXFileReference; explicitFileType = wrapper.application; includeInIndex = 0; path = BlueHired.app; sourceTree = BUILT_PRODUCTS_DIR; };
		DC7383232133E33E0055DC10 /* AppDelegate.h */ = {isa = PBXFileReference; lastKnownFileType = sourcecode.c.h; path = AppDelegate.h; sourceTree = "<group>"; };
		DC7383242133E33E0055DC10 /* AppDelegate.m */ = {isa = PBXFileReference; lastKnownFileType = sourcecode.c.objc; path = AppDelegate.m; sourceTree = "<group>"; };
		DC7383262133E33E0055DC10 /* ViewController.h */ = {isa = PBXFileReference; lastKnownFileType = sourcecode.c.h; path = ViewController.h; sourceTree = "<group>"; };
		DC7383272133E33E0055DC10 /* ViewController.m */ = {isa = PBXFileReference; lastKnownFileType = sourcecode.c.objc; path = ViewController.m; sourceTree = "<group>"; };
		DC73832A2133E33E0055DC10 /* Base */ = {isa = PBXFileReference; lastKnownFileType = file.storyboard; name = Base; path = Base.lproj/Main.storyboard; sourceTree = "<group>"; };
		DC73832C2133E3670055DC10 /* Assets.xcassets */ = {isa = PBXFileReference; lastKnownFileType = folder.assetcatalog; path = Assets.xcassets; sourceTree = "<group>"; };
		DC73832F2133E3670055DC10 /* Base */ = {isa = PBXFileReference; lastKnownFileType = file.storyboard; name = Base; path = Base.lproj/LaunchScreen.storyboard; sourceTree = "<group>"; };
		DC7383312133E3670055DC10 /* Info.plist */ = {isa = PBXFileReference; lastKnownFileType = text.plist.xml; path = Info.plist; sourceTree = "<group>"; };
		DC7383322133E3670055DC10 /* main.m */ = {isa = PBXFileReference; lastKnownFileType = sourcecode.c.objc; path = main.m; sourceTree = "<group>"; };
		DC7383382133E3680055DC10 /* BlueHiredTests.xctest */ = {isa = PBXFileReference; explicitFileType = wrapper.cfbundle; includeInIndex = 0; path = BlueHiredTests.xctest; sourceTree = BUILT_PRODUCTS_DIR; };
		DC73833C2133E3680055DC10 /* BlueHiredTests.m */ = {isa = PBXFileReference; lastKnownFileType = sourcecode.c.objc; path = BlueHiredTests.m; sourceTree = "<group>"; };
		DC73833E2133E3680055DC10 /* Info.plist */ = {isa = PBXFileReference; lastKnownFileType = text.plist.xml; path = Info.plist; sourceTree = "<group>"; };
		DC7383432133E3680055DC10 /* BlueHiredUITests.xctest */ = {isa = PBXFileReference; explicitFileType = wrapper.cfbundle; includeInIndex = 0; path = BlueHiredUITests.xctest; sourceTree = BUILT_PRODUCTS_DIR; };
		DC7383472133E3680055DC10 /* BlueHiredUITests.m */ = {isa = PBXFileReference; lastKnownFileType = sourcecode.c.objc; path = BlueHiredUITests.m; sourceTree = "<group>"; };
		DC7383492133E3680055DC10 /* Info.plist */ = {isa = PBXFileReference; lastKnownFileType = text.plist.xml; path = Info.plist; sourceTree = "<group>"; };
		DC7383582133EAD30055DC10 /* LPBaseViewController.h */ = {isa = PBXFileReference; lastKnownFileType = sourcecode.c.h; path = LPBaseViewController.h; sourceTree = "<group>"; };
		DC7383592133EAD30055DC10 /* LPBaseViewController.m */ = {isa = PBXFileReference; lastKnownFileType = sourcecode.c.objc; path = LPBaseViewController.m; sourceTree = "<group>"; };
		DC73835F2133EB2A0055DC10 /* LPMainVC.h */ = {isa = PBXFileReference; fileEncoding = 4; lastKnownFileType = sourcecode.c.h; path = LPMainVC.h; sourceTree = "<group>"; };
		DC7383602133EB2A0055DC10 /* LPMainVC.m */ = {isa = PBXFileReference; fileEncoding = 4; lastKnownFileType = sourcecode.c.objc; path = LPMainVC.m; sourceTree = "<group>"; };
		DC7383682133EC040055DC10 /* LPCircleVC.h */ = {isa = PBXFileReference; lastKnownFileType = sourcecode.c.h; path = LPCircleVC.h; sourceTree = "<group>"; };
		DC7383692133EC040055DC10 /* LPCircleVC.m */ = {isa = PBXFileReference; lastKnownFileType = sourcecode.c.objc; path = LPCircleVC.m; sourceTree = "<group>"; };
		DC73836B2133EC1B0055DC10 /* LPInformationVC.h */ = {isa = PBXFileReference; lastKnownFileType = sourcecode.c.h; path = LPInformationVC.h; sourceTree = "<group>"; };
		DC73836C2133EC1B0055DC10 /* LPInformationVC.m */ = {isa = PBXFileReference; lastKnownFileType = sourcecode.c.objc; path = LPInformationVC.m; sourceTree = "<group>"; };
		DC73836F2133EC320055DC10 /* LPMineVC.h */ = {isa = PBXFileReference; lastKnownFileType = sourcecode.c.h; path = LPMineVC.h; sourceTree = "<group>"; };
		DC7383702133EC320055DC10 /* LPMineVC.m */ = {isa = PBXFileReference; lastKnownFileType = sourcecode.c.objc; path = LPMineVC.m; sourceTree = "<group>"; };
		DC7383732133EC8B0055DC10 /* LPPrefixHeader.pch */ = {isa = PBXFileReference; lastKnownFileType = sourcecode.c.h; path = LPPrefixHeader.pch; sourceTree = "<group>"; };
		DC7383742133EDEE0055DC10 /* MacroDefine.h */ = {isa = PBXFileReference; lastKnownFileType = sourcecode.c.h; path = MacroDefine.h; sourceTree = "<group>"; };
		DC7383752133EE0D0055DC10 /* ApiKeys.h */ = {isa = PBXFileReference; lastKnownFileType = sourcecode.c.h; path = ApiKeys.h; sourceTree = "<group>"; };
		DC7383762133EE190055DC10 /* Heads.h */ = {isa = PBXFileReference; lastKnownFileType = sourcecode.c.h; path = Heads.h; sourceTree = "<group>"; };
		DC7383772133EE800055DC10 /* LPTabBarViewController.h */ = {isa = PBXFileReference; lastKnownFileType = sourcecode.c.h; path = LPTabBarViewController.h; sourceTree = "<group>"; };
		DC7383782133EE800055DC10 /* LPTabBarViewController.m */ = {isa = PBXFileReference; lastKnownFileType = sourcecode.c.objc; path = LPTabBarViewController.m; sourceTree = "<group>"; };
		DC73837B2133F1110055DC10 /* UIColor+Color.h */ = {isa = PBXFileReference; lastKnownFileType = sourcecode.c.h; path = "UIColor+Color.h"; sourceTree = "<group>"; };
		DC73837C2133F1110055DC10 /* UIColor+Color.m */ = {isa = PBXFileReference; lastKnownFileType = sourcecode.c.objc; path = "UIColor+Color.m"; sourceTree = "<group>"; };
		DC73838021341EBD0055DC10 /* LPSearchBar.h */ = {isa = PBXFileReference; lastKnownFileType = sourcecode.c.h; path = LPSearchBar.h; sourceTree = "<group>"; };
		DC73838121341EBD0055DC10 /* LPSearchBar.m */ = {isa = PBXFileReference; lastKnownFileType = sourcecode.c.objc; path = LPSearchBar.m; sourceTree = "<group>"; };
		DC7383842134DC200055DC10 /* LPMineCell.h */ = {isa = PBXFileReference; lastKnownFileType = sourcecode.c.h; path = LPMineCell.h; sourceTree = "<group>"; };
		DC7383852134DC200055DC10 /* LPMineCell.m */ = {isa = PBXFileReference; lastKnownFileType = sourcecode.c.objc; path = LPMineCell.m; sourceTree = "<group>"; };
		DC7383862134DC200055DC10 /* LPMineCell.xib */ = {isa = PBXFileReference; lastKnownFileType = file.xib; path = LPMineCell.xib; sourceTree = "<group>"; };
		DC73838A2134E95C0055DC10 /* NetRequestEnty.m */ = {isa = PBXFileReference; fileEncoding = 4; lastKnownFileType = sourcecode.c.objc; path = NetRequestEnty.m; sourceTree = "<group>"; };
		DC73838B2134E95D0055DC10 /* MoninNet.h */ = {isa = PBXFileReference; fileEncoding = 4; lastKnownFileType = sourcecode.c.h; path = MoninNet.h; sourceTree = "<group>"; };
		DC73838C2134E95D0055DC10 /* NetRequestEnty.h */ = {isa = PBXFileReference; fileEncoding = 4; lastKnownFileType = sourcecode.c.h; path = NetRequestEnty.h; sourceTree = "<group>"; };
		DC73838D2134E95D0055DC10 /* NetInstance.m */ = {isa = PBXFileReference; fileEncoding = 4; lastKnownFileType = sourcecode.c.objc; path = NetInstance.m; sourceTree = "<group>"; };
		DC73838E2134E95D0055DC10 /* MoninNet.m */ = {isa = PBXFileReference; fileEncoding = 4; lastKnownFileType = sourcecode.c.objc; path = MoninNet.m; sourceTree = "<group>"; };
		DC73838F2134E95D0055DC10 /* NetRequestManager.h */ = {isa = PBXFileReference; fileEncoding = 4; lastKnownFileType = sourcecode.c.h; path = NetRequestManager.h; sourceTree = "<group>"; };
		DC7383902134E95E0055DC10 /* NetApiManager.h */ = {isa = PBXFileReference; fileEncoding = 4; lastKnownFileType = sourcecode.c.h; path = NetApiManager.h; sourceTree = "<group>"; };
		DC7383912134E95E0055DC10 /* NetInstance.h */ = {isa = PBXFileReference; fileEncoding = 4; lastKnownFileType = sourcecode.c.h; path = NetInstance.h; sourceTree = "<group>"; };
		DC7383922134E95E0055DC10 /* NetRequestManager.m */ = {isa = PBXFileReference; fileEncoding = 4; lastKnownFileType = sourcecode.c.objc; path = NetRequestManager.m; sourceTree = "<group>"; };
		DC7383932134E95E0055DC10 /* NetApiManager.m */ = {isa = PBXFileReference; fileEncoding = 4; lastKnownFileType = sourcecode.c.objc; path = NetApiManager.m; sourceTree = "<group>"; };
		DC7383992134EAEE0055DC10 /* UIWindow+Window.h */ = {isa = PBXFileReference; fileEncoding = 4; lastKnownFileType = sourcecode.c.h; path = "UIWindow+Window.h"; sourceTree = "<group>"; };
		DC73839A2134EAEF0055DC10 /* UIWindow+Window.m */ = {isa = PBXFileReference; fileEncoding = 4; lastKnownFileType = sourcecode.c.objc; path = "UIWindow+Window.m"; sourceTree = "<group>"; };
		DC73839D2134EBC10055DC10 /* LPUserDefaults.h */ = {isa = PBXFileReference; lastKnownFileType = sourcecode.c.h; path = LPUserDefaults.h; sourceTree = "<group>"; };
		DC73839E2134EBC10055DC10 /* LPUserDefaults.m */ = {isa = PBXFileReference; lastKnownFileType = sourcecode.c.objc; path = LPUserDefaults.m; sourceTree = "<group>"; };
		DC7383A02134EF300055DC10 /* UIView+MBProgressHUD.h */ = {isa = PBXFileReference; fileEncoding = 4; lastKnownFileType = sourcecode.c.h; path = "UIView+MBProgressHUD.h"; sourceTree = "<group>"; };
		DC7383A12134EF300055DC10 /* UIView+MBProgressHUD.m */ = {isa = PBXFileReference; fileEncoding = 4; lastKnownFileType = sourcecode.c.objc; path = "UIView+MBProgressHUD.m"; sourceTree = "<group>"; };
		DC7383A42134F6580055DC10 /* LPMainCell.h */ = {isa = PBXFileReference; lastKnownFileType = sourcecode.c.h; path = LPMainCell.h; sourceTree = "<group>"; };
		DC7383A52134F6580055DC10 /* LPMainCell.m */ = {isa = PBXFileReference; lastKnownFileType = sourcecode.c.objc; path = LPMainCell.m; sourceTree = "<group>"; };
		DC7383A62134F6580055DC10 /* LPMainCell.xib */ = {isa = PBXFileReference; lastKnownFileType = file.xib; path = LPMainCell.xib; sourceTree = "<group>"; };
		DC7383AA2134F7B50055DC10 /* LPWorklistModel.h */ = {isa = PBXFileReference; lastKnownFileType = sourcecode.c.h; path = LPWorklistModel.h; sourceTree = "<group>"; };
		DC7383AB2134F7B50055DC10 /* LPWorklistModel.m */ = {isa = PBXFileReference; lastKnownFileType = sourcecode.c.objc; path = LPWorklistModel.m; sourceTree = "<group>"; };
		DCB5A5321875E124A6C52C8B /* libPods-BlueHired.a */ = {isa = PBXFileReference; explicitFileType = archive.ar; includeInIndex = 0; path = "libPods-BlueHired.a"; sourceTree = BUILT_PRODUCTS_DIR; };
		E94B224D8D8E2D47E74AC9DB /* Pods-BlueHiredTests.release.xcconfig */ = {isa = PBXFileReference; includeInIndex = 1; lastKnownFileType = text.xcconfig; name = "Pods-BlueHiredTests.release.xcconfig"; path = "Pods/Target Support Files/Pods-BlueHiredTests/Pods-BlueHiredTests.release.xcconfig"; sourceTree = "<group>"; };
		F2990BA484C987BEAA6D77E9 /* libPods-BlueHiredTests.a */ = {isa = PBXFileReference; explicitFileType = archive.ar; includeInIndex = 0; path = "libPods-BlueHiredTests.a"; sourceTree = BUILT_PRODUCTS_DIR; };
/* End PBXFileReference section */

/* Begin PBXFrameworksBuildPhase section */
		DC73831D2133E33E0055DC10 /* Frameworks */ = {
			isa = PBXFrameworksBuildPhase;
			buildActionMask = 2147483647;
			files = (
				BE82CAE860C97254269F44AD /* libPods-BlueHired.a in Frameworks */,
			);
			runOnlyForDeploymentPostprocessing = 0;
		};
		DC7383352133E3680055DC10 /* Frameworks */ = {
			isa = PBXFrameworksBuildPhase;
			buildActionMask = 2147483647;
			files = (
				DD9C491243746BE284EDF63A /* libPods-BlueHiredTests.a in Frameworks */,
			);
			runOnlyForDeploymentPostprocessing = 0;
		};
		DC7383402133E3680055DC10 /* Frameworks */ = {
			isa = PBXFrameworksBuildPhase;
			buildActionMask = 2147483647;
			files = (
				39138DA4778A75826AAD22ED /* libPods-BlueHiredUITests.a in Frameworks */,
			);
			runOnlyForDeploymentPostprocessing = 0;
		};
/* End PBXFrameworksBuildPhase section */

/* Begin PBXGroup section */
		1ABBBFEFDF1ECC1A0863FFDF /* Pods */ = {
			isa = PBXGroup;
			children = (
				4FD02EE4915B3B8981F023F1 /* Pods-BlueHired.debug.xcconfig */,
				992D1B12C5F757999ACD5D40 /* Pods-BlueHired.release.xcconfig */,
				92E3EB858257F39A6762B321 /* Pods-BlueHiredTests.debug.xcconfig */,
				E94B224D8D8E2D47E74AC9DB /* Pods-BlueHiredTests.release.xcconfig */,
				0B5AEFAB0E6764927C17DDE2 /* Pods-BlueHiredUITests.debug.xcconfig */,
				BBC93F1DC28C278E85E3A307 /* Pods-BlueHiredUITests.release.xcconfig */,
			);
			name = Pods;
			sourceTree = "<group>";
		};
		3A29534E777751FACE05724E /* Frameworks */ = {
			isa = PBXGroup;
			children = (
				DCB5A5321875E124A6C52C8B /* libPods-BlueHired.a */,
				F2990BA484C987BEAA6D77E9 /* libPods-BlueHiredTests.a */,
				82479EF595BD37AB322E0AA9 /* libPods-BlueHiredUITests.a */,
			);
			name = Frameworks;
			sourceTree = "<group>";
		};
		DC7383172133E33E0055DC10 = {
			isa = PBXGroup;
			children = (
				DC7383222133E33E0055DC10 /* BlueHired */,
				DC73833B2133E3680055DC10 /* BlueHiredTests */,
				DC7383462133E3680055DC10 /* BlueHiredUITests */,
				DC7383212133E33E0055DC10 /* Products */,
				1ABBBFEFDF1ECC1A0863FFDF /* Pods */,
				3A29534E777751FACE05724E /* Frameworks */,
			);
			sourceTree = "<group>";
		};
		DC7383212133E33E0055DC10 /* Products */ = {
			isa = PBXGroup;
			children = (
				DC7383202133E33E0055DC10 /* BlueHired.app */,
				DC7383382133E3680055DC10 /* BlueHiredTests.xctest */,
				DC7383432133E3680055DC10 /* BlueHiredUITests.xctest */,
			);
			name = Products;
			sourceTree = "<group>";
		};
		DC7383222133E33E0055DC10 /* BlueHired */ = {
			isa = PBXGroup;
			children = (
				DC7383552133EAAF0055DC10 /* Class */,
				DC7383232133E33E0055DC10 /* AppDelegate.h */,
				DC7383242133E33E0055DC10 /* AppDelegate.m */,
				DC7383262133E33E0055DC10 /* ViewController.h */,
				DC7383272133E33E0055DC10 /* ViewController.m */,
				DC7383292133E33E0055DC10 /* Main.storyboard */,
				DC73832C2133E3670055DC10 /* Assets.xcassets */,
				DC73832E2133E3670055DC10 /* LaunchScreen.storyboard */,
				DC7383312133E3670055DC10 /* Info.plist */,
				DC7383322133E3670055DC10 /* main.m */,
			);
			path = BlueHired;
			sourceTree = "<group>";
		};
		DC73833B2133E3680055DC10 /* BlueHiredTests */ = {
			isa = PBXGroup;
			children = (
				DC73833C2133E3680055DC10 /* BlueHiredTests.m */,
				DC73833E2133E3680055DC10 /* Info.plist */,
			);
			path = BlueHiredTests;
			sourceTree = "<group>";
		};
		DC7383462133E3680055DC10 /* BlueHiredUITests */ = {
			isa = PBXGroup;
			children = (
				DC7383472133E3680055DC10 /* BlueHiredUITests.m */,
				DC7383492133E3680055DC10 /* Info.plist */,
			);
			path = BlueHiredUITests;
			sourceTree = "<group>";
		};
		DC7383552133EAAF0055DC10 /* Class */ = {
			isa = PBXGroup;
			children = (
				DC73837E21341EA10055DC10 /* Common */,
				DC7383562133EAAF0055DC10 /* Base */,
				DC73837A2133F0F00055DC10 /* Categories */,
				DC7383622133EBEB0055DC10 /* Circle */,
				DC7383642133EBEB0055DC10 /* Information */,
				DC7383722133EC630055DC10 /* MacroPch */,
				DC7383572133EAAF0055DC10 /* Main */,
				DC7383662133EBEB0055DC10 /* Mine */,
			);
			path = Class;
			sourceTree = "<group>";
		};
		DC7383562133EAAF0055DC10 /* Base */ = {
			isa = PBXGroup;
			children = (
				DC7383582133EAD30055DC10 /* LPBaseViewController.h */,
				DC7383592133EAD30055DC10 /* LPBaseViewController.m */,
				DC7383772133EE800055DC10 /* LPTabBarViewController.h */,
				DC7383782133EE800055DC10 /* LPTabBarViewController.m */,
			);
			path = Base;
			sourceTree = "<group>";
		};
		DC7383572133EAAF0055DC10 /* Main */ = {
			isa = PBXGroup;
			children = (
				DC7383A92134F79D0055DC10 /* Model */,
				DC7383A32134F6380055DC10 /* View */,
				DC73835E2133EB2A0055DC10 /* Controller */,
			);
			path = Main;
			sourceTree = "<group>";
		};
		DC73835E2133EB2A0055DC10 /* Controller */ = {
			isa = PBXGroup;
			children = (
				DC73835F2133EB2A0055DC10 /* LPMainVC.h */,
				DC7383602133EB2A0055DC10 /* LPMainVC.m */,
			);
			path = Controller;
			sourceTree = "<group>";
		};
		DC7383622133EBEB0055DC10 /* Circle */ = {
			isa = PBXGroup;
			children = (
				DC7383632133EBEB0055DC10 /* Controller */,
			);
			path = Circle;
			sourceTree = "<group>";
		};
		DC7383632133EBEB0055DC10 /* Controller */ = {
			isa = PBXGroup;
			children = (
				DC7383682133EC040055DC10 /* LPCircleVC.h */,
				DC7383692133EC040055DC10 /* LPCircleVC.m */,
			);
			path = Controller;
			sourceTree = "<group>";
		};
		DC7383642133EBEB0055DC10 /* Information */ = {
			isa = PBXGroup;
			children = (
				DC7383652133EBEB0055DC10 /* Controller */,
			);
			path = Information;
			sourceTree = "<group>";
		};
		DC7383652133EBEB0055DC10 /* Controller */ = {
			isa = PBXGroup;
			children = (
				DC73836B2133EC1B0055DC10 /* LPInformationVC.h */,
				DC73836C2133EC1B0055DC10 /* LPInformationVC.m */,
			);
			path = Controller;
			sourceTree = "<group>";
		};
		DC7383662133EBEB0055DC10 /* Mine */ = {
			isa = PBXGroup;
			children = (
				DC7383832134DBEB0055DC10 /* View */,
				DC7383672133EBEB0055DC10 /* Controller */,
			);
			path = Mine;
			sourceTree = "<group>";
		};
		DC7383672133EBEB0055DC10 /* Controller */ = {
			isa = PBXGroup;
			children = (
				DC73836F2133EC320055DC10 /* LPMineVC.h */,
				DC7383702133EC320055DC10 /* LPMineVC.m */,
			);
			path = Controller;
			sourceTree = "<group>";
		};
		DC7383722133EC630055DC10 /* MacroPch */ = {
			isa = PBXGroup;
			children = (
				DC7383732133EC8B0055DC10 /* LPPrefixHeader.pch */,
				DC7383742133EDEE0055DC10 /* MacroDefine.h */,
				DC7383752133EE0D0055DC10 /* ApiKeys.h */,
				DC7383762133EE190055DC10 /* Heads.h */,
			);
			path = MacroPch;
			sourceTree = "<group>";
		};
		DC73837A2133F0F00055DC10 /* Categories */ = {
			isa = PBXGroup;
			children = (
				DC7383A02134EF300055DC10 /* UIView+MBProgressHUD.h */,
				DC7383A12134EF300055DC10 /* UIView+MBProgressHUD.m */,
				DC7383992134EAEE0055DC10 /* UIWindow+Window.h */,
				DC73839A2134EAEF0055DC10 /* UIWindow+Window.m */,
				DC73837B2133F1110055DC10 /* UIColor+Color.h */,
				DC73837C2133F1110055DC10 /* UIColor+Color.m */,
				DC44DB97213526C600D00FAC /* UIImage+Image.h */,
				DC44DB98213526C600D00FAC /* UIImage+Image.m */,
			);
			path = Categories;
			sourceTree = "<group>";
		};
		DC73837E21341EA10055DC10 /* Common */ = {
			isa = PBXGroup;
			children = (
				DC73839C2134EBB40055DC10 /* Until */,
				DC7383892134E9520055DC10 /* NerWork */,
				DC73837F21341EA10055DC10 /* View */,
			);
			path = Common;
			sourceTree = "<group>";
		};
		DC73837F21341EA10055DC10 /* View */ = {
			isa = PBXGroup;
			children = (
				DC73838021341EBD0055DC10 /* LPSearchBar.h */,
				DC73838121341EBD0055DC10 /* LPSearchBar.m */,
				DC44DB9A21352B8000D00FAC /* LPNoDataView.h */,
				DC44DB9B21352B8000D00FAC /* LPNoDataView.m */,
			);
			path = View;
			sourceTree = "<group>";
		};
		DC7383832134DBEB0055DC10 /* View */ = {
			isa = PBXGroup;
			children = (
				DC7383842134DC200055DC10 /* LPMineCell.h */,
				DC7383852134DC200055DC10 /* LPMineCell.m */,
				DC7383862134DC200055DC10 /* LPMineCell.xib */,
			);
			path = View;
			sourceTree = "<group>";
		};
		DC7383892134E9520055DC10 /* NerWork */ = {
			isa = PBXGroup;
			children = (
				DC73838B2134E95D0055DC10 /* MoninNet.h */,
				DC73838E2134E95D0055DC10 /* MoninNet.m */,
				DC7383902134E95E0055DC10 /* NetApiManager.h */,
				DC7383932134E95E0055DC10 /* NetApiManager.m */,
				DC7383912134E95E0055DC10 /* NetInstance.h */,
				DC73838D2134E95D0055DC10 /* NetInstance.m */,
				DC73838C2134E95D0055DC10 /* NetRequestEnty.h */,
				DC73838A2134E95C0055DC10 /* NetRequestEnty.m */,
				DC73838F2134E95D0055DC10 /* NetRequestManager.h */,
				DC7383922134E95E0055DC10 /* NetRequestManager.m */,
			);
			path = NerWork;
			sourceTree = "<group>";
		};
		DC73839C2134EBB40055DC10 /* Until */ = {
			isa = PBXGroup;
			children = (
				DC73839D2134EBC10055DC10 /* LPUserDefaults.h */,
				DC73839E2134EBC10055DC10 /* LPUserDefaults.m */,
				DC44DB9521351F6D00D00FAC /* NullSafe.m */,
			);
			path = Until;
			sourceTree = "<group>";
		};
		DC7383A32134F6380055DC10 /* View */ = {
			isa = PBXGroup;
			children = (
				DC7383A42134F6580055DC10 /* LPMainCell.h */,
				DC7383A52134F6580055DC10 /* LPMainCell.m */,
				DC7383A62134F6580055DC10 /* LPMainCell.xib */,
			);
			path = View;
			sourceTree = "<group>";
		};
		DC7383A92134F79D0055DC10 /* Model */ = {
			isa = PBXGroup;
			children = (
				DC7383AA2134F7B50055DC10 /* LPWorklistModel.h */,
				DC7383AB2134F7B50055DC10 /* LPWorklistModel.m */,
			);
			path = Model;
			sourceTree = "<group>";
		};
/* End PBXGroup section */

/* Begin PBXNativeTarget section */
		DC73831F2133E33E0055DC10 /* BlueHired */ = {
			isa = PBXNativeTarget;
			buildConfigurationList = DC73834C2133E3680055DC10 /* Build configuration list for PBXNativeTarget "BlueHired" */;
			buildPhases = (
				B6D0020080C04D67D0E77C48 /* [CP] Check Pods Manifest.lock */,
				DC73831C2133E33E0055DC10 /* Sources */,
				DC73831D2133E33E0055DC10 /* Frameworks */,
				DC73831E2133E33E0055DC10 /* Resources */,
				20C7C07DD64ACDEB20819A09 /* [CP] Copy Pods Resources */,
			);
			buildRules = (
			);
			dependencies = (
			);
			name = BlueHired;
			productName = BlueHired;
			productReference = DC7383202133E33E0055DC10 /* BlueHired.app */;
			productType = "com.apple.product-type.application";
		};
		DC7383372133E3680055DC10 /* BlueHiredTests */ = {
			isa = PBXNativeTarget;
			buildConfigurationList = DC73834F2133E3680055DC10 /* Build configuration list for PBXNativeTarget "BlueHiredTests" */;
			buildPhases = (
				612335D1F8ABFC339276EA87 /* [CP] Check Pods Manifest.lock */,
				DC7383342133E3680055DC10 /* Sources */,
				DC7383352133E3680055DC10 /* Frameworks */,
				DC7383362133E3680055DC10 /* Resources */,
			);
			buildRules = (
			);
			dependencies = (
				DC73833A2133E3680055DC10 /* PBXTargetDependency */,
			);
			name = BlueHiredTests;
			productName = BlueHiredTests;
			productReference = DC7383382133E3680055DC10 /* BlueHiredTests.xctest */;
			productType = "com.apple.product-type.bundle.unit-test";
		};
		DC7383422133E3680055DC10 /* BlueHiredUITests */ = {
			isa = PBXNativeTarget;
			buildConfigurationList = DC7383522133E3680055DC10 /* Build configuration list for PBXNativeTarget "BlueHiredUITests" */;
			buildPhases = (
				40B14BC0DFCE195C070E0CF0 /* [CP] Check Pods Manifest.lock */,
				DC73833F2133E3680055DC10 /* Sources */,
				DC7383402133E3680055DC10 /* Frameworks */,
				DC7383412133E3680055DC10 /* Resources */,
			);
			buildRules = (
			);
			dependencies = (
				DC7383452133E3680055DC10 /* PBXTargetDependency */,
			);
			name = BlueHiredUITests;
			productName = BlueHiredUITests;
			productReference = DC7383432133E3680055DC10 /* BlueHiredUITests.xctest */;
			productType = "com.apple.product-type.bundle.ui-testing";
		};
/* End PBXNativeTarget section */

/* Begin PBXProject section */
		DC7383182133E33E0055DC10 /* Project object */ = {
			isa = PBXProject;
			attributes = {
				CLASSPREFIX = LP;
				LastUpgradeCheck = 0940;
				ORGANIZATIONNAME = lanpin;
				TargetAttributes = {
					DC73831F2133E33E0055DC10 = {
						CreatedOnToolsVersion = 9.4.1;
					};
					DC7383372133E3680055DC10 = {
						CreatedOnToolsVersion = 9.4.1;
						TestTargetID = DC73831F2133E33E0055DC10;
					};
					DC7383422133E3680055DC10 = {
						CreatedOnToolsVersion = 9.4.1;
						TestTargetID = DC73831F2133E33E0055DC10;
					};
				};
			};
			buildConfigurationList = DC73831B2133E33E0055DC10 /* Build configuration list for PBXProject "BlueHired" */;
			compatibilityVersion = "Xcode 9.3";
			developmentRegion = en;
			hasScannedForEncodings = 0;
			knownRegions = (
				en,
				Base,
			);
			mainGroup = DC7383172133E33E0055DC10;
			productRefGroup = DC7383212133E33E0055DC10 /* Products */;
			projectDirPath = "";
			projectRoot = "";
			targets = (
				DC73831F2133E33E0055DC10 /* BlueHired */,
				DC7383372133E3680055DC10 /* BlueHiredTests */,
				DC7383422133E3680055DC10 /* BlueHiredUITests */,
			);
		};
/* End PBXProject section */

/* Begin PBXResourcesBuildPhase section */
		DC73831E2133E33E0055DC10 /* Resources */ = {
			isa = PBXResourcesBuildPhase;
			buildActionMask = 2147483647;
			files = (
				DC7383882134DC200055DC10 /* LPMineCell.xib in Resources */,
				DC7383302133E3670055DC10 /* LaunchScreen.storyboard in Resources */,
				DC73832D2133E3670055DC10 /* Assets.xcassets in Resources */,
				DC73832B2133E33E0055DC10 /* Main.storyboard in Resources */,
				DC7383A82134F6580055DC10 /* LPMainCell.xib in Resources */,
			);
			runOnlyForDeploymentPostprocessing = 0;
		};
		DC7383362133E3680055DC10 /* Resources */ = {
			isa = PBXResourcesBuildPhase;
			buildActionMask = 2147483647;
			files = (
			);
			runOnlyForDeploymentPostprocessing = 0;
		};
		DC7383412133E3680055DC10 /* Resources */ = {
			isa = PBXResourcesBuildPhase;
			buildActionMask = 2147483647;
			files = (
			);
			runOnlyForDeploymentPostprocessing = 0;
		};
/* End PBXResourcesBuildPhase section */

/* Begin PBXShellScriptBuildPhase section */
		20C7C07DD64ACDEB20819A09 /* [CP] Copy Pods Resources */ = {
			isa = PBXShellScriptBuildPhase;
			buildActionMask = 2147483647;
			files = (
			);
			inputPaths = (
				"${SRCROOT}/Pods/Target Support Files/Pods-BlueHired/Pods-BlueHired-resources.sh",
				"${PODS_ROOT}/IQKeyboardManager/IQKeyboardManager/Resources/IQKeyboardManager.bundle",
				"${PODS_ROOT}/MJRefresh/MJRefresh/MJRefresh.bundle",
			);
			name = "[CP] Copy Pods Resources";
			outputPaths = (
				"${TARGET_BUILD_DIR}/${UNLOCALIZED_RESOURCES_FOLDER_PATH}/IQKeyboardManager.bundle",
				"${TARGET_BUILD_DIR}/${UNLOCALIZED_RESOURCES_FOLDER_PATH}/MJRefresh.bundle",
			);
			runOnlyForDeploymentPostprocessing = 0;
			shellPath = /bin/sh;
			shellScript = "\"${SRCROOT}/Pods/Target Support Files/Pods-BlueHired/Pods-BlueHired-resources.sh\"\n";
			showEnvVarsInLog = 0;
		};
		40B14BC0DFCE195C070E0CF0 /* [CP] Check Pods Manifest.lock */ = {
			isa = PBXShellScriptBuildPhase;
			buildActionMask = 2147483647;
			files = (
			);
			inputPaths = (
				"${PODS_PODFILE_DIR_PATH}/Podfile.lock",
				"${PODS_ROOT}/Manifest.lock",
			);
			name = "[CP] Check Pods Manifest.lock";
			outputPaths = (
				"$(DERIVED_FILE_DIR)/Pods-BlueHiredUITests-checkManifestLockResult.txt",
			);
			runOnlyForDeploymentPostprocessing = 0;
			shellPath = /bin/sh;
			shellScript = "diff \"${PODS_PODFILE_DIR_PATH}/Podfile.lock\" \"${PODS_ROOT}/Manifest.lock\" > /dev/null\nif [ $? != 0 ] ; then\n    # print error to STDERR\n    echo \"error: The sandbox is not in sync with the Podfile.lock. Run 'pod install' or update your CocoaPods installation.\" >&2\n    exit 1\nfi\n# This output is used by Xcode 'outputs' to avoid re-running this script phase.\necho \"SUCCESS\" > \"${SCRIPT_OUTPUT_FILE_0}\"\n";
			showEnvVarsInLog = 0;
		};
		612335D1F8ABFC339276EA87 /* [CP] Check Pods Manifest.lock */ = {
			isa = PBXShellScriptBuildPhase;
			buildActionMask = 2147483647;
			files = (
			);
			inputPaths = (
				"${PODS_PODFILE_DIR_PATH}/Podfile.lock",
				"${PODS_ROOT}/Manifest.lock",
			);
			name = "[CP] Check Pods Manifest.lock";
			outputPaths = (
				"$(DERIVED_FILE_DIR)/Pods-BlueHiredTests-checkManifestLockResult.txt",
			);
			runOnlyForDeploymentPostprocessing = 0;
			shellPath = /bin/sh;
			shellScript = "diff \"${PODS_PODFILE_DIR_PATH}/Podfile.lock\" \"${PODS_ROOT}/Manifest.lock\" > /dev/null\nif [ $? != 0 ] ; then\n    # print error to STDERR\n    echo \"error: The sandbox is not in sync with the Podfile.lock. Run 'pod install' or update your CocoaPods installation.\" >&2\n    exit 1\nfi\n# This output is used by Xcode 'outputs' to avoid re-running this script phase.\necho \"SUCCESS\" > \"${SCRIPT_OUTPUT_FILE_0}\"\n";
			showEnvVarsInLog = 0;
		};
		B6D0020080C04D67D0E77C48 /* [CP] Check Pods Manifest.lock */ = {
			isa = PBXShellScriptBuildPhase;
			buildActionMask = 2147483647;
			files = (
			);
			inputPaths = (
				"${PODS_PODFILE_DIR_PATH}/Podfile.lock",
				"${PODS_ROOT}/Manifest.lock",
			);
			name = "[CP] Check Pods Manifest.lock";
			outputPaths = (
				"$(DERIVED_FILE_DIR)/Pods-BlueHired-checkManifestLockResult.txt",
			);
			runOnlyForDeploymentPostprocessing = 0;
			shellPath = /bin/sh;
			shellScript = "diff \"${PODS_PODFILE_DIR_PATH}/Podfile.lock\" \"${PODS_ROOT}/Manifest.lock\" > /dev/null\nif [ $? != 0 ] ; then\n    # print error to STDERR\n    echo \"error: The sandbox is not in sync with the Podfile.lock. Run 'pod install' or update your CocoaPods installation.\" >&2\n    exit 1\nfi\n# This output is used by Xcode 'outputs' to avoid re-running this script phase.\necho \"SUCCESS\" > \"${SCRIPT_OUTPUT_FILE_0}\"\n";
			showEnvVarsInLog = 0;
		};
/* End PBXShellScriptBuildPhase section */

/* Begin PBXSourcesBuildPhase section */
		DC73831C2133E33E0055DC10 /* Sources */ = {
			isa = PBXSourcesBuildPhase;
			buildActionMask = 2147483647;
			files = (
				DC7383962134E95E0055DC10 /* MoninNet.m in Sources */,
				DC7383942134E95E0055DC10 /* NetRequestEnty.m in Sources */,
				DC7383612133EB2A0055DC10 /* LPMainVC.m in Sources */,
				DC73839F2134EBC10055DC10 /* LPUserDefaults.m in Sources */,
				DC73838221341EBD0055DC10 /* LPSearchBar.m in Sources */,
				DC7383792133EE800055DC10 /* LPTabBarViewController.m in Sources */,
				DC44DB9C21352B8000D00FAC /* LPNoDataView.m in Sources */,
				DC73836D2133EC1B0055DC10 /* LPInformationVC.m in Sources */,
				DC7383982134E95E0055DC10 /* NetApiManager.m in Sources */,
				DC7383872134DC200055DC10 /* LPMineCell.m in Sources */,
				DC44DB99213526C600D00FAC /* UIImage+Image.m in Sources */,
				DC73837D2133F1110055DC10 /* UIColor+Color.m in Sources */,
				DC7383282133E33E0055DC10 /* ViewController.m in Sources */,
				DC44DB9621351F6D00D00FAC /* NullSafe.m in Sources */,
				DC7383A72134F6580055DC10 /* LPMainCell.m in Sources */,
				DC7383972134E95E0055DC10 /* NetRequestManager.m in Sources */,
				DC7383952134E95E0055DC10 /* NetInstance.m in Sources */,
				DC7383AC2134F7B50055DC10 /* LPWorklistModel.m in Sources */,
				DC7383712133EC320055DC10 /* LPMineVC.m in Sources */,
				DC7383A22134EF300055DC10 /* UIView+MBProgressHUD.m in Sources */,
				DC7383332133E3670055DC10 /* main.m in Sources */,
				DC7383252133E33E0055DC10 /* AppDelegate.m in Sources */,
				DC73836A2133EC040055DC10 /* LPCircleVC.m in Sources */,
				DC73835A2133EAD30055DC10 /* LPBaseViewController.m in Sources */,
				DC73839B2134EAEF0055DC10 /* UIWindow+Window.m in Sources */,
			);
			runOnlyForDeploymentPostprocessing = 0;
		};
		DC7383342133E3680055DC10 /* Sources */ = {
			isa = PBXSourcesBuildPhase;
			buildActionMask = 2147483647;
			files = (
				DC73833D2133E3680055DC10 /* BlueHiredTests.m in Sources */,
			);
			runOnlyForDeploymentPostprocessing = 0;
		};
		DC73833F2133E3680055DC10 /* Sources */ = {
			isa = PBXSourcesBuildPhase;
			buildActionMask = 2147483647;
			files = (
				DC7383482133E3680055DC10 /* BlueHiredUITests.m in Sources */,
			);
			runOnlyForDeploymentPostprocessing = 0;
		};
/* End PBXSourcesBuildPhase section */

/* Begin PBXTargetDependency section */
		DC73833A2133E3680055DC10 /* PBXTargetDependency */ = {
			isa = PBXTargetDependency;
			target = DC73831F2133E33E0055DC10 /* BlueHired */;
			targetProxy = DC7383392133E3680055DC10 /* PBXContainerItemProxy */;
		};
		DC7383452133E3680055DC10 /* PBXTargetDependency */ = {
			isa = PBXTargetDependency;
			target = DC73831F2133E33E0055DC10 /* BlueHired */;
			targetProxy = DC7383442133E3680055DC10 /* PBXContainerItemProxy */;
		};
/* End PBXTargetDependency section */

/* Begin PBXVariantGroup section */
		DC7383292133E33E0055DC10 /* Main.storyboard */ = {
			isa = PBXVariantGroup;
			children = (
				DC73832A2133E33E0055DC10 /* Base */,
			);
			name = Main.storyboard;
			sourceTree = "<group>";
		};
		DC73832E2133E3670055DC10 /* LaunchScreen.storyboard */ = {
			isa = PBXVariantGroup;
			children = (
				DC73832F2133E3670055DC10 /* Base */,
			);
			name = LaunchScreen.storyboard;
			sourceTree = "<group>";
		};
/* End PBXVariantGroup section */

/* Begin XCBuildConfiguration section */
		DC73834A2133E3680055DC10 /* Debug */ = {
			isa = XCBuildConfiguration;
			buildSettings = {
				ALWAYS_SEARCH_USER_PATHS = NO;
				CLANG_ANALYZER_NONNULL = YES;
				CLANG_ANALYZER_NUMBER_OBJECT_CONVERSION = YES_AGGRESSIVE;
				CLANG_CXX_LANGUAGE_STANDARD = "gnu++14";
				CLANG_CXX_LIBRARY = "libc++";
				CLANG_ENABLE_MODULES = YES;
				CLANG_ENABLE_OBJC_ARC = YES;
				CLANG_ENABLE_OBJC_WEAK = YES;
				CLANG_WARN_BLOCK_CAPTURE_AUTORELEASING = YES;
				CLANG_WARN_BOOL_CONVERSION = YES;
				CLANG_WARN_COMMA = YES;
				CLANG_WARN_CONSTANT_CONVERSION = YES;
				CLANG_WARN_DEPRECATED_OBJC_IMPLEMENTATIONS = YES;
				CLANG_WARN_DIRECT_OBJC_ISA_USAGE = YES_ERROR;
				CLANG_WARN_DOCUMENTATION_COMMENTS = YES;
				CLANG_WARN_EMPTY_BODY = YES;
				CLANG_WARN_ENUM_CONVERSION = YES;
				CLANG_WARN_INFINITE_RECURSION = YES;
				CLANG_WARN_INT_CONVERSION = YES;
				CLANG_WARN_NON_LITERAL_NULL_CONVERSION = YES;
				CLANG_WARN_OBJC_IMPLICIT_RETAIN_SELF = YES;
				CLANG_WARN_OBJC_LITERAL_CONVERSION = YES;
				CLANG_WARN_OBJC_ROOT_CLASS = YES_ERROR;
				CLANG_WARN_RANGE_LOOP_ANALYSIS = YES;
				CLANG_WARN_STRICT_PROTOTYPES = YES;
				CLANG_WARN_SUSPICIOUS_MOVE = YES;
				CLANG_WARN_UNGUARDED_AVAILABILITY = YES_AGGRESSIVE;
				CLANG_WARN_UNREACHABLE_CODE = YES;
				CLANG_WARN__DUPLICATE_METHOD_MATCH = YES;
				CODE_SIGN_IDENTITY = "iPhone Developer";
				COPY_PHASE_STRIP = NO;
				DEBUG_INFORMATION_FORMAT = dwarf;
				ENABLE_STRICT_OBJC_MSGSEND = YES;
				ENABLE_TESTABILITY = YES;
				GCC_C_LANGUAGE_STANDARD = gnu11;
				GCC_DYNAMIC_NO_PIC = NO;
				GCC_NO_COMMON_BLOCKS = YES;
				GCC_OPTIMIZATION_LEVEL = 0;
				GCC_PREPROCESSOR_DEFINITIONS = (
					"DEBUG=1",
					"$(inherited)",
				);
				GCC_WARN_64_TO_32_BIT_CONVERSION = YES;
				GCC_WARN_ABOUT_RETURN_TYPE = YES_ERROR;
				GCC_WARN_UNDECLARED_SELECTOR = YES;
				GCC_WARN_UNINITIALIZED_AUTOS = YES_AGGRESSIVE;
				GCC_WARN_UNUSED_FUNCTION = YES;
				GCC_WARN_UNUSED_VARIABLE = YES;
				IPHONEOS_DEPLOYMENT_TARGET = 11.4;
				MTL_ENABLE_DEBUG_INFO = YES;
				ONLY_ACTIVE_ARCH = YES;
				SDKROOT = iphoneos;
			};
			name = Debug;
		};
		DC73834B2133E3680055DC10 /* Release */ = {
			isa = XCBuildConfiguration;
			buildSettings = {
				ALWAYS_SEARCH_USER_PATHS = NO;
				CLANG_ANALYZER_NONNULL = YES;
				CLANG_ANALYZER_NUMBER_OBJECT_CONVERSION = YES_AGGRESSIVE;
				CLANG_CXX_LANGUAGE_STANDARD = "gnu++14";
				CLANG_CXX_LIBRARY = "libc++";
				CLANG_ENABLE_MODULES = YES;
				CLANG_ENABLE_OBJC_ARC = YES;
				CLANG_ENABLE_OBJC_WEAK = YES;
				CLANG_WARN_BLOCK_CAPTURE_AUTORELEASING = YES;
				CLANG_WARN_BOOL_CONVERSION = YES;
				CLANG_WARN_COMMA = YES;
				CLANG_WARN_CONSTANT_CONVERSION = YES;
				CLANG_WARN_DEPRECATED_OBJC_IMPLEMENTATIONS = YES;
				CLANG_WARN_DIRECT_OBJC_ISA_USAGE = YES_ERROR;
				CLANG_WARN_DOCUMENTATION_COMMENTS = YES;
				CLANG_WARN_EMPTY_BODY = YES;
				CLANG_WARN_ENUM_CONVERSION = YES;
				CLANG_WARN_INFINITE_RECURSION = YES;
				CLANG_WARN_INT_CONVERSION = YES;
				CLANG_WARN_NON_LITERAL_NULL_CONVERSION = YES;
				CLANG_WARN_OBJC_IMPLICIT_RETAIN_SELF = YES;
				CLANG_WARN_OBJC_LITERAL_CONVERSION = YES;
				CLANG_WARN_OBJC_ROOT_CLASS = YES_ERROR;
				CLANG_WARN_RANGE_LOOP_ANALYSIS = YES;
				CLANG_WARN_STRICT_PROTOTYPES = YES;
				CLANG_WARN_SUSPICIOUS_MOVE = YES;
				CLANG_WARN_UNGUARDED_AVAILABILITY = YES_AGGRESSIVE;
				CLANG_WARN_UNREACHABLE_CODE = YES;
				CLANG_WARN__DUPLICATE_METHOD_MATCH = YES;
				CODE_SIGN_IDENTITY = "iPhone Developer";
				COPY_PHASE_STRIP = NO;
				DEBUG_INFORMATION_FORMAT = "dwarf-with-dsym";
				ENABLE_NS_ASSERTIONS = NO;
				ENABLE_STRICT_OBJC_MSGSEND = YES;
				GCC_C_LANGUAGE_STANDARD = gnu11;
				GCC_NO_COMMON_BLOCKS = YES;
				GCC_WARN_64_TO_32_BIT_CONVERSION = YES;
				GCC_WARN_ABOUT_RETURN_TYPE = YES_ERROR;
				GCC_WARN_UNDECLARED_SELECTOR = YES;
				GCC_WARN_UNINITIALIZED_AUTOS = YES_AGGRESSIVE;
				GCC_WARN_UNUSED_FUNCTION = YES;
				GCC_WARN_UNUSED_VARIABLE = YES;
				IPHONEOS_DEPLOYMENT_TARGET = 11.4;
				MTL_ENABLE_DEBUG_INFO = NO;
				SDKROOT = iphoneos;
				VALIDATE_PRODUCT = YES;
			};
			name = Release;
		};
		DC73834D2133E3680055DC10 /* Debug */ = {
			isa = XCBuildConfiguration;
			baseConfigurationReference = 4FD02EE4915B3B8981F023F1 /* Pods-BlueHired.debug.xcconfig */;
			buildSettings = {
				ASSETCATALOG_COMPILER_APPICON_NAME = AppIcon;
				CODE_SIGN_STYLE = Automatic;
				GCC_PREFIX_HEADER = "$(SRCROOT)/BlueHired/Class/MacroPch/LPPrefixHeader.pch";
				INFOPLIST_FILE = BlueHired/Info.plist;
				LD_RUNPATH_SEARCH_PATHS = (
					"$(inherited)",
					"@executable_path/Frameworks",
				);
				PRODUCT_BUNDLE_IDENTIFIER = com.lanpin.BlueHired;
				PRODUCT_NAME = "$(TARGET_NAME)";
				TARGETED_DEVICE_FAMILY = "1,2";
			};
			name = Debug;
		};
		DC73834E2133E3680055DC10 /* Release */ = {
			isa = XCBuildConfiguration;
			baseConfigurationReference = 992D1B12C5F757999ACD5D40 /* Pods-BlueHired.release.xcconfig */;
			buildSettings = {
				ASSETCATALOG_COMPILER_APPICON_NAME = AppIcon;
				CODE_SIGN_STYLE = Automatic;
				GCC_PREFIX_HEADER = "$(SRCROOT)/BlueHired/Class/MacroPch/LPPrefixHeader.pch";
				INFOPLIST_FILE = BlueHired/Info.plist;
				LD_RUNPATH_SEARCH_PATHS = (
					"$(inherited)",
					"@executable_path/Frameworks",
				);
				PRODUCT_BUNDLE_IDENTIFIER = com.lanpin.BlueHired;
				PRODUCT_NAME = "$(TARGET_NAME)";
				TARGETED_DEVICE_FAMILY = "1,2";
			};
			name = Release;
		};
		DC7383502133E3680055DC10 /* Debug */ = {
			isa = XCBuildConfiguration;
			baseConfigurationReference = 92E3EB858257F39A6762B321 /* Pods-BlueHiredTests.debug.xcconfig */;
			buildSettings = {
				BUNDLE_LOADER = "$(TEST_HOST)";
				CODE_SIGN_STYLE = Automatic;
				INFOPLIST_FILE = BlueHiredTests/Info.plist;
				LD_RUNPATH_SEARCH_PATHS = (
					"$(inherited)",
					"@executable_path/Frameworks",
					"@loader_path/Frameworks",
				);
				PRODUCT_BUNDLE_IDENTIFIER = lanpin.BlueHiredTests;
				PRODUCT_NAME = "$(TARGET_NAME)";
				TARGETED_DEVICE_FAMILY = "1,2";
				TEST_HOST = "$(BUILT_PRODUCTS_DIR)/BlueHired.app/BlueHired";
			};
			name = Debug;
		};
		DC7383512133E3680055DC10 /* Release */ = {
			isa = XCBuildConfiguration;
			baseConfigurationReference = E94B224D8D8E2D47E74AC9DB /* Pods-BlueHiredTests.release.xcconfig */;
			buildSettings = {
				BUNDLE_LOADER = "$(TEST_HOST)";
				CODE_SIGN_STYLE = Automatic;
				INFOPLIST_FILE = BlueHiredTests/Info.plist;
				LD_RUNPATH_SEARCH_PATHS = (
					"$(inherited)",
					"@executable_path/Frameworks",
					"@loader_path/Frameworks",
				);
				PRODUCT_BUNDLE_IDENTIFIER = lanpin.BlueHiredTests;
				PRODUCT_NAME = "$(TARGET_NAME)";
				TARGETED_DEVICE_FAMILY = "1,2";
				TEST_HOST = "$(BUILT_PRODUCTS_DIR)/BlueHired.app/BlueHired";
			};
			name = Release;
		};
		DC7383532133E3680055DC10 /* Debug */ = {
			isa = XCBuildConfiguration;
			baseConfigurationReference = 0B5AEFAB0E6764927C17DDE2 /* Pods-BlueHiredUITests.debug.xcconfig */;
			buildSettings = {
				CODE_SIGN_STYLE = Automatic;
				INFOPLIST_FILE = BlueHiredUITests/Info.plist;
				LD_RUNPATH_SEARCH_PATHS = (
					"$(inherited)",
					"@executable_path/Frameworks",
					"@loader_path/Frameworks",
				);
				PRODUCT_BUNDLE_IDENTIFIER = lanpin.BlueHiredUITests;
				PRODUCT_NAME = "$(TARGET_NAME)";
				TARGETED_DEVICE_FAMILY = "1,2";
				TEST_TARGET_NAME = BlueHired;
			};
			name = Debug;
		};
		DC7383542133E3680055DC10 /* Release */ = {
			isa = XCBuildConfiguration;
			baseConfigurationReference = BBC93F1DC28C278E85E3A307 /* Pods-BlueHiredUITests.release.xcconfig */;
			buildSettings = {
				CODE_SIGN_STYLE = Automatic;
				INFOPLIST_FILE = BlueHiredUITests/Info.plist;
				LD_RUNPATH_SEARCH_PATHS = (
					"$(inherited)",
					"@executable_path/Frameworks",
					"@loader_path/Frameworks",
				);
				PRODUCT_BUNDLE_IDENTIFIER = lanpin.BlueHiredUITests;
				PRODUCT_NAME = "$(TARGET_NAME)";
				TARGETED_DEVICE_FAMILY = "1,2";
				TEST_TARGET_NAME = BlueHired;
			};
			name = Release;
		};
/* End XCBuildConfiguration section */

/* Begin XCConfigurationList section */
		DC73831B2133E33E0055DC10 /* Build configuration list for PBXProject "BlueHired" */ = {
			isa = XCConfigurationList;
			buildConfigurations = (
				DC73834A2133E3680055DC10 /* Debug */,
				DC73834B2133E3680055DC10 /* Release */,
			);
			defaultConfigurationIsVisible = 0;
			defaultConfigurationName = Release;
		};
		DC73834C2133E3680055DC10 /* Build configuration list for PBXNativeTarget "BlueHired" */ = {
			isa = XCConfigurationList;
			buildConfigurations = (
				DC73834D2133E3680055DC10 /* Debug */,
				DC73834E2133E3680055DC10 /* Release */,
			);
			defaultConfigurationIsVisible = 0;
			defaultConfigurationName = Release;
		};
		DC73834F2133E3680055DC10 /* Build configuration list for PBXNativeTarget "BlueHiredTests" */ = {
			isa = XCConfigurationList;
			buildConfigurations = (
				DC7383502133E3680055DC10 /* Debug */,
				DC7383512133E3680055DC10 /* Release */,
			);
			defaultConfigurationIsVisible = 0;
			defaultConfigurationName = Release;
		};
		DC7383522133E3680055DC10 /* Build configuration list for PBXNativeTarget "BlueHiredUITests" */ = {
			isa = XCConfigurationList;
			buildConfigurations = (
				DC7383532133E3680055DC10 /* Debug */,
				DC7383542133E3680055DC10 /* Release */,
			);
			defaultConfigurationIsVisible = 0;
			defaultConfigurationName = Release;
		};
/* End XCConfigurationList section */
	};
	rootObject = DC7383182133E33E0055DC10 /* Project object */;
}
